
Microsoft Visual Studio Solution File, Format Version 12.00
# Visual Studio 14
VisualStudioVersion = 14.0.25420.1
MinimumVisualStudioVersion = 10.0.40219.1
Project("{FAE04EC0-301F-11D3-BF4B-00C04F79EFBC}") = "SOLIDplate.Infrastructure.Data.EntityFramework", "SOLIDplate.Infrastructure.Data.EntityFramework\SOLIDplate.Infrastructure.Data.EntityFramework.csproj", "{DAF4536C-F863-490F-827C-E97BB44DDBF4}"
EndProject
Project("{FAE04EC0-301F-11D3-BF4B-00C04F79EFBC}") = "SOLIDplate.Infrastructure.Data.EntityFramework.Interfaces", "SOLIDplate.Infrastructure.Data.EntityFramework.Interfaces\SOLIDplate.Infrastructure.Data.EntityFramework.Interfaces.csproj", "{231484DC-BC4F-49AF-9219-E4C1DCE185FC}"
EndProject
Project("{FAE04EC0-301F-11D3-BF4B-00C04F79EFBC}") = "SOLIDplate.Domain.Entities.Interfaces", "SOLIDplate.Domain.Entities.Interfaces\SOLIDplate.Domain.Entities.Interfaces.csproj", "{5BE9C8AA-A9A4-4D5D-97FC-C6DB5D6EAB4F}"
EndProject
Project("{FAE04EC0-301F-11D3-BF4B-00C04F79EFBC}") = "SOLIDplate.Domain.Entities", "SOLIDplate.Domain.Entities\SOLIDplate.Domain.Entities.csproj", "{7502EBCA-9760-4817-A6C9-6C21E95F58D2}"
EndProject
Project("{FAE04EC0-301F-11D3-BF4B-00C04F79EFBC}") = "SOLIDplate.Infrastructure.Data.EntityFramework.Configurations", "SOLIDplate.Infrastructure.Data.EntityFramework.Configurations\SOLIDplate.Infrastructure.Data.EntityFramework.Configurations.csproj", "{8874E05B-489A-488B-BCB9-10A7E8DE2445}"
EndProject
Project("{FAE04EC0-301F-11D3-BF4B-00C04F79EFBC}") = "SOLIDplate.Infrastructure.Data.Services.EntityFramework.Interfaces", "SOLIDplate.Infrastructure.Data.Services.EntityFramework.Interfaces\SOLIDplate.Infrastructure.Data.Services.EntityFramework.Interfaces.csproj", "{F3F889BD-94BB-413C-9B7B-BDD9C04A9B1A}"
EndProject
Project("{FAE04EC0-301F-11D3-BF4B-00C04F79EFBC}") = "SOLIDplate.Infrastructure.Data.Services.EntityFramework", "SOLIDplate.Infrastructure.Data.Services.EntityFramework\SOLIDplate.Infrastructure.Data.Services.EntityFramework.csproj", "{A6C42830-FF4E-469B-AB31-5F6D96093693}"
EndProject
Project("{FAE04EC0-301F-11D3-BF4B-00C04F79EFBC}") = "SOLIDplate.Domain.Integration.Services.Interfaces", "SOLIDplate.Domain.Integration.Services.Interfaces\SOLIDplate.Domain.Integration.Services.Interfaces.csproj", "{361666BD-651C-41CB-88C3-5C7C45998DAE}"
EndProject
Project("{FAE04EC0-301F-11D3-BF4B-00C04F79EFBC}") = "SOLIDplate.Domain.Integration.Services", "SOLIDplate.Domain.Integration.Services\SOLIDplate.Domain.Integration.Services.csproj", "{C8359452-B6E8-46EB-A53B-CF6CA6C18876}"
EndProject
Project("{FAE04EC0-301F-11D3-BF4B-00C04F79EFBC}") = "SOLIDplate.Json.Net", "SOLIDplate.Json.Net\SOLIDplate.Json.Net.csproj", "{18233B0C-B4B5-4F9D-84D3-81A982EA6653}"
EndProject
Project("{FAE04EC0-301F-11D3-BF4B-00C04F79EFBC}") = "SOLIDplate.Infrastructure.Repository.Interfaces", "SOLIDplate.Infrastructure.Repository.Interfaces\SOLIDplate.Infrastructure.Repository.Interfaces.csproj", "{F2EBD8C4-EF5C-4726-BD6E-3A125C77B0C6}"
EndProject
Project("{FAE04EC0-301F-11D3-BF4B-00C04F79EFBC}") = "SOLIDplate.Infrastructure.Repository.EntityFramework", "SOLIDplate.Infrastructure.Repository.EntityFramework\SOLIDplate.Infrastructure.Repository.EntityFramework.csproj", "{87BD9397-E1C7-4070-959F-F8DCC024C2EB}"
EndProject
Project("{FAE04EC0-301F-11D3-BF4B-00C04F79EFBC}") = "SOLIDplate.Infrastructure.Repository.EntityFramework.Interfaces", "SOLIDplate.Infrastructure.Repository.EntityFramework.Interfaces\SOLIDplate.Infrastructure.Repository.EntityFramework.Interfaces.csproj", "{57D4E307-7D88-4A20-9E8B-25100BE0ED92}"
EndProject
Project("{FAE04EC0-301F-11D3-BF4B-00C04F79EFBC}") = "SOLIDplate.Application.Unity.SignalR", "SOLIDplate.Application.Unity.SignalR\SOLIDplate.Application.Unity.SignalR.csproj", "{75B7C8EB-FAF9-4D2D-AB18-A54B435CF3E8}"
EndProject
Project("{FAE04EC0-301F-11D3-BF4B-00C04F79EFBC}") = "SOLIDplate.Application.Unity.WebApi", "SOLIDplate.Application.Unity.WebApi\SOLIDplate.Application.Unity.WebApi.csproj", "{1A626BE9-4B76-43FA-A352-283D4BC71E8B}"
EndProject
Project("{FAE04EC0-301F-11D3-BF4B-00C04F79EFBC}") = "SOLIDplate.Infrastructure.Repository", "SOLIDplate.Infrastructure.Repository\SOLIDplate.Infrastructure.Repository.csproj", "{0B59632F-3D15-4812-9333-311A72135A7B}"
EndProject
Project("{FAE04EC0-301F-11D3-BF4B-00C04F79EFBC}") = "SOLIDplate.Infrastructure.Data.Interfaces", "SOLIDplate.Infrastructure.Data.Interfaces\SOLIDplate.Infrastructure.Data.Interfaces.csproj", "{BF2BC546-AE84-48B3-B341-7629DCA583E2}"
EndProject
Project("{FAE04EC0-301F-11D3-BF4B-00C04F79EFBC}") = "SOLIDplate.Common.Portable", "SOLIDplate.Common.Portable\SOLIDplate.Common.Portable.csproj", "{F393BBC4-3A16-4C1D-B978-429EC48B771F}"
EndProject
Project("{FAE04EC0-301F-11D3-BF4B-00C04F79EFBC}") = "SOLIDplate.Common", "SOLIDplate.Common\SOLIDplate.Common.csproj", "{C5B0E75D-E045-44D9-AE22-AA46E3E72D14}"
EndProject
Project("{FAE04EC0-301F-11D3-BF4B-00C04F79EFBC}") = "SOLIDplate.Presentation.ViewModels", "SOLIDplate.Presentation.ViewModels\SOLIDplate.Presentation.ViewModels.csproj", "{0EE60D26-A847-4C83-BE90-8879BDFB12B6}"
EndProject
Project("{FAE04EC0-301F-11D3-BF4B-00C04F79EFBC}") = "SOLIDplate.Presentation.ViewModels.Interfaces", "SOLIDplate.Presentation.ViewModels.Interfaces\SOLIDplate.Presentation.ViewModels.Interfaces.csproj", "{4F582199-A7A3-42C8-BE51-9AB694293F55}"
EndProject
Project("{FAE04EC0-301F-11D3-BF4B-00C04F79EFBC}") = "SOLIDplate.Presentation.Views.Xamarin", "SOLIDplate.Presentation.Views.Xamarin\SOLIDplate.Presentation.Views.Xamarin.csproj", "{C4FE7516-AD79-43C7-8575-8A85F29ED26B}"
EndProject
Project("{FAE04EC0-301F-11D3-BF4B-00C04F79EFBC}") = "SOLIDplate.Application.Services.SignalR.Hubs", "SOLIDplate.Application.Services.SignalR.Hubs\SOLIDplate.Application.Services.SignalR.Hubs.csproj", "{4C5CA740-3FD7-4370-9D1C-F5D0CB5DCE24}"
EndProject
Project("{FAE04EC0-301F-11D3-BF4B-00C04F79EFBC}") = "SOLIDplate.Application.Services.SignalR.Hubs.Interfaces", "SOLIDplate.Application.Services.SignalR.Hubs.Interfaces\SOLIDplate.Application.Services.SignalR.Hubs.Interfaces.csproj", "{BB6FDE49-B321-47AD-B6AA-804513DB4463}"
EndProject
Project("{FAE04EC0-301F-11D3-BF4B-00C04F79EFBC}") = "SOLIDplate.Application.Services.SignalR", "SOLIDplate.Application.Services.SignalR\SOLIDplate.Application.Services.SignalR.csproj", "{2873F201-3564-4E2A-A4B1-13D21DF4FA04}"
EndProject
Project("{2150E333-8FDC-42A3-9474-1A3956D46DE8}") = "Solution Items", "Solution Items", "{93A87B19-A905-43E0-83F6-BB7400EE14E8}"
	ProjectSection(SolutionItems) = preProject
		PostBuildEvent.bat = PostBuildEvent.bat
		PreBuildEvent.bat = PreBuildEvent.bat
		SOLIDplate.Packages\PushToNuget.bat = SOLIDplate.Packages\PushToNuget.bat
		SOLIDplate.Packages\RemovePreviousVersions.bat = SOLIDplate.Packages\RemovePreviousVersions.bat
	EndProjectSection
EndProject
Project("{FAE04EC0-301F-11D3-BF4B-00C04F79EFBC}") = "SOLIDplate.Application.Unity", "SOLIDplate.Application.Unity\SOLIDplate.Application.Unity.csproj", "{31D14DD3-90A4-47D7-B636-026F71C5728F}"
EndProject
Project("{FAE04EC0-301F-11D3-BF4B-00C04F79EFBC}") = "SOLIDplate.Application.Services.Clients.WebApi.Interfaces", "SOLIDplate.Application.Services.Clients.WebApi.Interfaces\SOLIDplate.Application.Services.Clients.WebApi.Interfaces.csproj", "{D98A4076-6FD0-48BD-88FD-0231F2C7B941}"
EndProject
Project("{FAE04EC0-301F-11D3-BF4B-00C04F79EFBC}") = "SOLIDplate.Application.Services.Clients.WebApi", "SOLIDplate.Application.Services.Clients.WebApi\SOLIDplate.Application.Services.Clients.WebApi.csproj", "{7D4AB85C-4369-4900-B0CB-519C5245ADFF}"
EndProject
Project("{FAE04EC0-301F-11D3-BF4B-00C04F79EFBC}") = "SOLIDplate.Application.Services.Clients.Wcf.Interfaces", "SOLIDplate.Application.Services.Clients.Wcf.Interfaces\SOLIDplate.Application.Services.Clients.Wcf.Interfaces.csproj", "{77FE95A7-A18B-4E97-A8FD-3A78C41A8D14}"
EndProject
Project("{FAE04EC0-301F-11D3-BF4B-00C04F79EFBC}") = "SOLIDplate.Application.Services.Clients.Wcf", "SOLIDplate.Application.Services.Clients.Wcf\SOLIDplate.Application.Services.Clients.Wcf.csproj", "{E485AC7B-280F-4C40-98BA-8F10D935A1EB}"
EndProject
Project("{FAE04EC0-301F-11D3-BF4B-00C04F79EFBC}") = "SOLIDplate.Application.Services.Clients.SignalR.Interfaces", "SOLIDplate.Application.Services.Clients.SignalR.Interfaces\SOLIDplate.Application.Services.Clients.SignalR.Interfaces.csproj", "{94B03D27-B890-4DCE-98E2-385E1447B9D9}"
EndProject
Project("{FAE04EC0-301F-11D3-BF4B-00C04F79EFBC}") = "SOLIDplate.Application.Services.Clients.SignalR", "SOLIDplate.Application.Services.Clients.SignalR\SOLIDplate.Application.Services.Clients.SignalR.csproj", "{1DE8F158-A11C-4040-9E93-DD3BD05CF22C}"
EndProject
Project("{2150E333-8FDC-42A3-9474-1A3956D46DE8}") = "01 - Presentation", "01 - Presentation", "{426B6D33-D253-4080-9281-C0D92FCD0DF1}"
EndProject
Project("{2150E333-8FDC-42A3-9474-1A3956D46DE8}") = "02 - Application", "02 - Application", "{9321B1AC-F3BE-4E02-9DE3-9DAB792A9D2A}"
EndProject
Project("{2150E333-8FDC-42A3-9474-1A3956D46DE8}") = "03 - Domain", "03 - Domain", "{BC72737F-228B-4E40-888E-E28352AC651D}"
EndProject
Project("{2150E333-8FDC-42A3-9474-1A3956D46DE8}") = "04 - Infrastructure", "04 - Infrastructure", "{93FE1280-4A33-4944-A63D-F48C954D974F}"
EndProject
Project("{2150E333-8FDC-42A3-9474-1A3956D46DE8}") = "EntityFramework", "EntityFramework", "{564DEC56-E3C5-485E-8F3E-93766558EDCC}"
EndProject
Project("{FAE04EC0-301F-11D3-BF4B-00C04F79EFBC}") = "SOLIDplate.Application.Services.Micro.WebApi", "SOLIDplate.Application.Services.Micro.WebApi\SOLIDplate.Application.Services.Micro.WebApi.csproj", "{AB64C7CA-914D-45D7-95CC-3AB05DEA90A9}"
EndProject
Project("{FAE04EC0-301F-11D3-BF4B-00C04F79EFBC}") = "SOLIDplate.Application.Services.Micro.WebApi.SignalR", "SOLIDplate.Application.Services.Micro.WebApi.SignalR\SOLIDplate.Application.Services.Micro.WebApi.SignalR.csproj", "{5D984FE7-0BA1-4CA2-953A-B8ABD628A84A}"
EndProject
Project("{FAE04EC0-301F-11D3-BF4B-00C04F79EFBC}") = "SOLIDplate.Domain.Command.Services.Interfaces", "SOLIDplate.Domain.Command.Services.Interfaces\SOLIDplate.Domain.Command.Services.Interfaces.csproj", "{3CDAD1DD-9E21-4C6C-9911-3B0456AAD720}"
EndProject
Project("{FAE04EC0-301F-11D3-BF4B-00C04F79EFBC}") = "SOLIDplate.Domain.Command.Services", "SOLIDplate.Domain.Command.Services\SOLIDplate.Domain.Command.Services.csproj", "{C8E6F34A-24AD-41D4-8700-8CE479F95C50}"
EndProject
Project("{FAE04EC0-301F-11D3-BF4B-00C04F79EFBC}") = "SOLIDplate.Domain.Command.Services.EntityFramework", "SOLIDplate.Domain.Command.Services.EntityFramework\SOLIDplate.Domain.Command.Services.EntityFramework.csproj", "{BA95910A-AFFF-4011-9903-5243B5157155}"
EndProject
Project("{FAE04EC0-301F-11D3-BF4B-00C04F79EFBC}") = "SOLIDplate.Domain.Query.Services.Interfaces", "SOLIDplate.Domain.Query.Services.Interfaces\SOLIDplate.Domain.Query.Services.Interfaces.csproj", "{06E04045-BB71-4459-A890-60EE6CE446DA}"
EndProject
Project("{FAE04EC0-301F-11D3-BF4B-00C04F79EFBC}") = "SOLIDplate.Domain.Query.Services", "SOLIDplate.Domain.Query.Services\SOLIDplate.Domain.Query.Services.csproj", "{D1379BAF-C422-4CE3-87FC-4471B08A677A}"
EndProject
Project("{FAE04EC0-301F-11D3-BF4B-00C04F79EFBC}") = "SOLIDplate.Domain.Query.Services.EntityFramework", "SOLIDplate.Domain.Query.Services.EntityFramework\SOLIDplate.Domain.Query.Services.EntityFramework.csproj", "{C1E193F7-B886-46D0-A11C-A61077CBF554}"
EndProject
Project("{FAE04EC0-301F-11D3-BF4B-00C04F79EFBC}") = "SOLIDplate.Domain.Services.Interfaces", "SOLIDplate.Domain.Services.Interfaces\SOLIDplate.Domain.Services.Interfaces.csproj", "{0C75E500-6905-48C9-8668-17304EF94447}"
EndProject
Project("{FAE04EC0-301F-11D3-BF4B-00C04F79EFBC}") = "SOLIDplate.Domain.Services", "SOLIDplate.Domain.Services\SOLIDplate.Domain.Services.csproj", "{7344851D-A1BC-40BE-85A6-25D810E88BDB}"
EndProject
Project("{FAE04EC0-301F-11D3-BF4B-00C04F79EFBC}") = "SOLIDplate.Domain.Services.EntityFramework", "SOLIDplate.Domain.Services.EntityFramework\SOLIDplate.Domain.Services.EntityFramework.csproj", "{14103467-B8C9-46BD-9C64-0403327892BA}"
EndProject
Project("{FAE04EC0-301F-11D3-BF4B-00C04F79EFBC}") = "SOLIDplate.Application.Services.WebApi", "SOLIDplate.Application.Services.WebApi\SOLIDplate.Application.Services.WebApi.csproj", "{52A2E811-5622-4FD7-B5D7-A4AF033CBD85}"
EndProject
Project("{FAE04EC0-301F-11D3-BF4B-00C04F79EFBC}") = "SOLIDplate.Application.Services.WebApi.SignalR", "SOLIDplate.Application.Services.WebApi.SignalR\SOLIDplate.Application.Services.WebApi.SignalR.csproj", "{084146C0-180A-4869-86D8-8A4EB7AA9085}"
EndProject
Global
	GlobalSection(SolutionConfigurationPlatforms) = preSolution
		Debug|Any CPU = Debug|Any CPU
		Development|Any CPU = Development|Any CPU
		Release|Any CPU = Release|Any CPU
		Test|Any CPU = Test|Any CPU
	EndGlobalSection
	GlobalSection(ProjectConfigurationPlatforms) = postSolution
		{DAF4536C-F863-490F-827C-E97BB44DDBF4}.Debug|Any CPU.ActiveCfg = Debug|Any CPU
		{DAF4536C-F863-490F-827C-E97BB44DDBF4}.Debug|Any CPU.Build.0 = Debug|Any CPU
		{DAF4536C-F863-490F-827C-E97BB44DDBF4}.Development|Any CPU.ActiveCfg = Development|Any CPU
		{DAF4536C-F863-490F-827C-E97BB44DDBF4}.Development|Any CPU.Build.0 = Development|Any CPU
		{DAF4536C-F863-490F-827C-E97BB44DDBF4}.Release|Any CPU.ActiveCfg = Release|Any CPU
		{DAF4536C-F863-490F-827C-E97BB44DDBF4}.Release|Any CPU.Build.0 = Release|Any CPU
		{DAF4536C-F863-490F-827C-E97BB44DDBF4}.Test|Any CPU.ActiveCfg = Test|Any CPU
		{DAF4536C-F863-490F-827C-E97BB44DDBF4}.Test|Any CPU.Build.0 = Test|Any CPU
		{231484DC-BC4F-49AF-9219-E4C1DCE185FC}.Debug|Any CPU.ActiveCfg = Debug|Any CPU
		{231484DC-BC4F-49AF-9219-E4C1DCE185FC}.Debug|Any CPU.Build.0 = Debug|Any CPU
		{231484DC-BC4F-49AF-9219-E4C1DCE185FC}.Development|Any CPU.ActiveCfg = Development|Any CPU
		{231484DC-BC4F-49AF-9219-E4C1DCE185FC}.Development|Any CPU.Build.0 = Development|Any CPU
		{231484DC-BC4F-49AF-9219-E4C1DCE185FC}.Release|Any CPU.ActiveCfg = Release|Any CPU
		{231484DC-BC4F-49AF-9219-E4C1DCE185FC}.Release|Any CPU.Build.0 = Release|Any CPU
		{231484DC-BC4F-49AF-9219-E4C1DCE185FC}.Test|Any CPU.ActiveCfg = Test|Any CPU
		{231484DC-BC4F-49AF-9219-E4C1DCE185FC}.Test|Any CPU.Build.0 = Test|Any CPU
		{5BE9C8AA-A9A4-4D5D-97FC-C6DB5D6EAB4F}.Debug|Any CPU.ActiveCfg = Debug|Any CPU
		{5BE9C8AA-A9A4-4D5D-97FC-C6DB5D6EAB4F}.Debug|Any CPU.Build.0 = Debug|Any CPU
		{5BE9C8AA-A9A4-4D5D-97FC-C6DB5D6EAB4F}.Development|Any CPU.ActiveCfg = Development|Any CPU
		{5BE9C8AA-A9A4-4D5D-97FC-C6DB5D6EAB4F}.Development|Any CPU.Build.0 = Development|Any CPU
		{5BE9C8AA-A9A4-4D5D-97FC-C6DB5D6EAB4F}.Release|Any CPU.ActiveCfg = Release|Any CPU
		{5BE9C8AA-A9A4-4D5D-97FC-C6DB5D6EAB4F}.Release|Any CPU.Build.0 = Release|Any CPU
		{5BE9C8AA-A9A4-4D5D-97FC-C6DB5D6EAB4F}.Test|Any CPU.ActiveCfg = Test|Any CPU
		{5BE9C8AA-A9A4-4D5D-97FC-C6DB5D6EAB4F}.Test|Any CPU.Build.0 = Test|Any CPU
		{7502EBCA-9760-4817-A6C9-6C21E95F58D2}.Debug|Any CPU.ActiveCfg = Debug|Any CPU
		{7502EBCA-9760-4817-A6C9-6C21E95F58D2}.Debug|Any CPU.Build.0 = Debug|Any CPU
		{7502EBCA-9760-4817-A6C9-6C21E95F58D2}.Development|Any CPU.ActiveCfg = Development|Any CPU
		{7502EBCA-9760-4817-A6C9-6C21E95F58D2}.Development|Any CPU.Build.0 = Development|Any CPU
		{7502EBCA-9760-4817-A6C9-6C21E95F58D2}.Release|Any CPU.ActiveCfg = Release|Any CPU
		{7502EBCA-9760-4817-A6C9-6C21E95F58D2}.Release|Any CPU.Build.0 = Release|Any CPU
		{7502EBCA-9760-4817-A6C9-6C21E95F58D2}.Test|Any CPU.ActiveCfg = Test|Any CPU
		{7502EBCA-9760-4817-A6C9-6C21E95F58D2}.Test|Any CPU.Build.0 = Test|Any CPU
		{8874E05B-489A-488B-BCB9-10A7E8DE2445}.Debug|Any CPU.ActiveCfg = Debug|Any CPU
		{8874E05B-489A-488B-BCB9-10A7E8DE2445}.Debug|Any CPU.Build.0 = Debug|Any CPU
		{8874E05B-489A-488B-BCB9-10A7E8DE2445}.Development|Any CPU.ActiveCfg = Development|Any CPU
		{8874E05B-489A-488B-BCB9-10A7E8DE2445}.Development|Any CPU.Build.0 = Development|Any CPU
		{8874E05B-489A-488B-BCB9-10A7E8DE2445}.Release|Any CPU.ActiveCfg = Release|Any CPU
		{8874E05B-489A-488B-BCB9-10A7E8DE2445}.Release|Any CPU.Build.0 = Release|Any CPU
		{8874E05B-489A-488B-BCB9-10A7E8DE2445}.Test|Any CPU.ActiveCfg = Test|Any CPU
		{8874E05B-489A-488B-BCB9-10A7E8DE2445}.Test|Any CPU.Build.0 = Test|Any CPU
		{F3F889BD-94BB-413C-9B7B-BDD9C04A9B1A}.Debug|Any CPU.ActiveCfg = Debug|Any CPU
		{F3F889BD-94BB-413C-9B7B-BDD9C04A9B1A}.Debug|Any CPU.Build.0 = Debug|Any CPU
		{F3F889BD-94BB-413C-9B7B-BDD9C04A9B1A}.Development|Any CPU.ActiveCfg = Development|Any CPU
		{F3F889BD-94BB-413C-9B7B-BDD9C04A9B1A}.Development|Any CPU.Build.0 = Development|Any CPU
		{F3F889BD-94BB-413C-9B7B-BDD9C04A9B1A}.Release|Any CPU.ActiveCfg = Release|Any CPU
		{F3F889BD-94BB-413C-9B7B-BDD9C04A9B1A}.Release|Any CPU.Build.0 = Release|Any CPU
		{F3F889BD-94BB-413C-9B7B-BDD9C04A9B1A}.Test|Any CPU.ActiveCfg = Test|Any CPU
		{F3F889BD-94BB-413C-9B7B-BDD9C04A9B1A}.Test|Any CPU.Build.0 = Test|Any CPU
		{A6C42830-FF4E-469B-AB31-5F6D96093693}.Debug|Any CPU.ActiveCfg = Debug|Any CPU
		{A6C42830-FF4E-469B-AB31-5F6D96093693}.Debug|Any CPU.Build.0 = Debug|Any CPU
		{A6C42830-FF4E-469B-AB31-5F6D96093693}.Development|Any CPU.ActiveCfg = Development|Any CPU
		{A6C42830-FF4E-469B-AB31-5F6D96093693}.Development|Any CPU.Build.0 = Development|Any CPU
		{A6C42830-FF4E-469B-AB31-5F6D96093693}.Release|Any CPU.ActiveCfg = Release|Any CPU
		{A6C42830-FF4E-469B-AB31-5F6D96093693}.Release|Any CPU.Build.0 = Release|Any CPU
		{A6C42830-FF4E-469B-AB31-5F6D96093693}.Test|Any CPU.ActiveCfg = Test|Any CPU
		{A6C42830-FF4E-469B-AB31-5F6D96093693}.Test|Any CPU.Build.0 = Test|Any CPU
		{361666BD-651C-41CB-88C3-5C7C45998DAE}.Debug|Any CPU.ActiveCfg = Debug|Any CPU
		{361666BD-651C-41CB-88C3-5C7C45998DAE}.Debug|Any CPU.Build.0 = Debug|Any CPU
		{361666BD-651C-41CB-88C3-5C7C45998DAE}.Development|Any CPU.ActiveCfg = Development|Any CPU
		{361666BD-651C-41CB-88C3-5C7C45998DAE}.Development|Any CPU.Build.0 = Development|Any CPU
		{361666BD-651C-41CB-88C3-5C7C45998DAE}.Release|Any CPU.ActiveCfg = Release|Any CPU
		{361666BD-651C-41CB-88C3-5C7C45998DAE}.Release|Any CPU.Build.0 = Release|Any CPU
		{361666BD-651C-41CB-88C3-5C7C45998DAE}.Test|Any CPU.ActiveCfg = Test|Any CPU
		{361666BD-651C-41CB-88C3-5C7C45998DAE}.Test|Any CPU.Build.0 = Test|Any CPU
		{C8359452-B6E8-46EB-A53B-CF6CA6C18876}.Debug|Any CPU.ActiveCfg = Debug|Any CPU
		{C8359452-B6E8-46EB-A53B-CF6CA6C18876}.Debug|Any CPU.Build.0 = Debug|Any CPU
		{C8359452-B6E8-46EB-A53B-CF6CA6C18876}.Development|Any CPU.ActiveCfg = Development|Any CPU
		{C8359452-B6E8-46EB-A53B-CF6CA6C18876}.Development|Any CPU.Build.0 = Development|Any CPU
		{C8359452-B6E8-46EB-A53B-CF6CA6C18876}.Release|Any CPU.ActiveCfg = Release|Any CPU
		{C8359452-B6E8-46EB-A53B-CF6CA6C18876}.Release|Any CPU.Build.0 = Release|Any CPU
		{C8359452-B6E8-46EB-A53B-CF6CA6C18876}.Test|Any CPU.ActiveCfg = Test|Any CPU
		{C8359452-B6E8-46EB-A53B-CF6CA6C18876}.Test|Any CPU.Build.0 = Test|Any CPU
		{18233B0C-B4B5-4F9D-84D3-81A982EA6653}.Debug|Any CPU.ActiveCfg = Debug|Any CPU
		{18233B0C-B4B5-4F9D-84D3-81A982EA6653}.Debug|Any CPU.Build.0 = Debug|Any CPU
		{18233B0C-B4B5-4F9D-84D3-81A982EA6653}.Development|Any CPU.ActiveCfg = Development|Any CPU
		{18233B0C-B4B5-4F9D-84D3-81A982EA6653}.Development|Any CPU.Build.0 = Development|Any CPU
		{18233B0C-B4B5-4F9D-84D3-81A982EA6653}.Release|Any CPU.ActiveCfg = Release|Any CPU
		{18233B0C-B4B5-4F9D-84D3-81A982EA6653}.Release|Any CPU.Build.0 = Release|Any CPU
		{18233B0C-B4B5-4F9D-84D3-81A982EA6653}.Test|Any CPU.ActiveCfg = Test|Any CPU
		{18233B0C-B4B5-4F9D-84D3-81A982EA6653}.Test|Any CPU.Build.0 = Test|Any CPU
		{F2EBD8C4-EF5C-4726-BD6E-3A125C77B0C6}.Debug|Any CPU.ActiveCfg = Debug|Any CPU
		{F2EBD8C4-EF5C-4726-BD6E-3A125C77B0C6}.Debug|Any CPU.Build.0 = Debug|Any CPU
		{F2EBD8C4-EF5C-4726-BD6E-3A125C77B0C6}.Development|Any CPU.ActiveCfg = Development|Any CPU
		{F2EBD8C4-EF5C-4726-BD6E-3A125C77B0C6}.Development|Any CPU.Build.0 = Development|Any CPU
		{F2EBD8C4-EF5C-4726-BD6E-3A125C77B0C6}.Release|Any CPU.ActiveCfg = Release|Any CPU
		{F2EBD8C4-EF5C-4726-BD6E-3A125C77B0C6}.Release|Any CPU.Build.0 = Release|Any CPU
		{F2EBD8C4-EF5C-4726-BD6E-3A125C77B0C6}.Test|Any CPU.ActiveCfg = Test|Any CPU
		{F2EBD8C4-EF5C-4726-BD6E-3A125C77B0C6}.Test|Any CPU.Build.0 = Test|Any CPU
		{87BD9397-E1C7-4070-959F-F8DCC024C2EB}.Debug|Any CPU.ActiveCfg = Debug|Any CPU
		{87BD9397-E1C7-4070-959F-F8DCC024C2EB}.Debug|Any CPU.Build.0 = Debug|Any CPU
		{87BD9397-E1C7-4070-959F-F8DCC024C2EB}.Development|Any CPU.ActiveCfg = Development|Any CPU
		{87BD9397-E1C7-4070-959F-F8DCC024C2EB}.Development|Any CPU.Build.0 = Development|Any CPU
		{87BD9397-E1C7-4070-959F-F8DCC024C2EB}.Release|Any CPU.ActiveCfg = Release|Any CPU
		{87BD9397-E1C7-4070-959F-F8DCC024C2EB}.Release|Any CPU.Build.0 = Release|Any CPU
		{87BD9397-E1C7-4070-959F-F8DCC024C2EB}.Test|Any CPU.ActiveCfg = Test|Any CPU
		{87BD9397-E1C7-4070-959F-F8DCC024C2EB}.Test|Any CPU.Build.0 = Test|Any CPU
		{57D4E307-7D88-4A20-9E8B-25100BE0ED92}.Debug|Any CPU.ActiveCfg = Debug|Any CPU
		{57D4E307-7D88-4A20-9E8B-25100BE0ED92}.Debug|Any CPU.Build.0 = Debug|Any CPU
		{57D4E307-7D88-4A20-9E8B-25100BE0ED92}.Development|Any CPU.ActiveCfg = Development|Any CPU
		{57D4E307-7D88-4A20-9E8B-25100BE0ED92}.Development|Any CPU.Build.0 = Development|Any CPU
		{57D4E307-7D88-4A20-9E8B-25100BE0ED92}.Release|Any CPU.ActiveCfg = Release|Any CPU
		{57D4E307-7D88-4A20-9E8B-25100BE0ED92}.Release|Any CPU.Build.0 = Release|Any CPU
		{57D4E307-7D88-4A20-9E8B-25100BE0ED92}.Test|Any CPU.ActiveCfg = Test|Any CPU
		{57D4E307-7D88-4A20-9E8B-25100BE0ED92}.Test|Any CPU.Build.0 = Test|Any CPU
		{75B7C8EB-FAF9-4D2D-AB18-A54B435CF3E8}.Debug|Any CPU.ActiveCfg = Debug|Any CPU
		{75B7C8EB-FAF9-4D2D-AB18-A54B435CF3E8}.Debug|Any CPU.Build.0 = Debug|Any CPU
		{75B7C8EB-FAF9-4D2D-AB18-A54B435CF3E8}.Development|Any CPU.ActiveCfg = Development|Any CPU
		{75B7C8EB-FAF9-4D2D-AB18-A54B435CF3E8}.Development|Any CPU.Build.0 = Development|Any CPU
		{75B7C8EB-FAF9-4D2D-AB18-A54B435CF3E8}.Release|Any CPU.ActiveCfg = Release|Any CPU
		{75B7C8EB-FAF9-4D2D-AB18-A54B435CF3E8}.Release|Any CPU.Build.0 = Release|Any CPU
		{75B7C8EB-FAF9-4D2D-AB18-A54B435CF3E8}.Test|Any CPU.ActiveCfg = Test|Any CPU
		{75B7C8EB-FAF9-4D2D-AB18-A54B435CF3E8}.Test|Any CPU.Build.0 = Test|Any CPU
		{1A626BE9-4B76-43FA-A352-283D4BC71E8B}.Debug|Any CPU.ActiveCfg = Debug|Any CPU
		{1A626BE9-4B76-43FA-A352-283D4BC71E8B}.Debug|Any CPU.Build.0 = Debug|Any CPU
		{1A626BE9-4B76-43FA-A352-283D4BC71E8B}.Development|Any CPU.ActiveCfg = Development|Any CPU
		{1A626BE9-4B76-43FA-A352-283D4BC71E8B}.Development|Any CPU.Build.0 = Development|Any CPU
		{1A626BE9-4B76-43FA-A352-283D4BC71E8B}.Release|Any CPU.ActiveCfg = Release|Any CPU
		{1A626BE9-4B76-43FA-A352-283D4BC71E8B}.Release|Any CPU.Build.0 = Release|Any CPU
		{1A626BE9-4B76-43FA-A352-283D4BC71E8B}.Test|Any CPU.ActiveCfg = Test|Any CPU
		{1A626BE9-4B76-43FA-A352-283D4BC71E8B}.Test|Any CPU.Build.0 = Test|Any CPU
		{0B59632F-3D15-4812-9333-311A72135A7B}.Debug|Any CPU.ActiveCfg = Debug|Any CPU
		{0B59632F-3D15-4812-9333-311A72135A7B}.Debug|Any CPU.Build.0 = Debug|Any CPU
		{0B59632F-3D15-4812-9333-311A72135A7B}.Development|Any CPU.ActiveCfg = Development|Any CPU
		{0B59632F-3D15-4812-9333-311A72135A7B}.Development|Any CPU.Build.0 = Development|Any CPU
		{0B59632F-3D15-4812-9333-311A72135A7B}.Release|Any CPU.ActiveCfg = Release|Any CPU
		{0B59632F-3D15-4812-9333-311A72135A7B}.Release|Any CPU.Build.0 = Release|Any CPU
		{0B59632F-3D15-4812-9333-311A72135A7B}.Test|Any CPU.ActiveCfg = Test|Any CPU
		{0B59632F-3D15-4812-9333-311A72135A7B}.Test|Any CPU.Build.0 = Test|Any CPU
		{BF2BC546-AE84-48B3-B341-7629DCA583E2}.Debug|Any CPU.ActiveCfg = Debug|Any CPU
		{BF2BC546-AE84-48B3-B341-7629DCA583E2}.Debug|Any CPU.Build.0 = Debug|Any CPU
		{BF2BC546-AE84-48B3-B341-7629DCA583E2}.Development|Any CPU.ActiveCfg = Development|Any CPU
		{BF2BC546-AE84-48B3-B341-7629DCA583E2}.Development|Any CPU.Build.0 = Development|Any CPU
		{BF2BC546-AE84-48B3-B341-7629DCA583E2}.Release|Any CPU.ActiveCfg = Release|Any CPU
		{BF2BC546-AE84-48B3-B341-7629DCA583E2}.Release|Any CPU.Build.0 = Release|Any CPU
		{BF2BC546-AE84-48B3-B341-7629DCA583E2}.Test|Any CPU.ActiveCfg = Test|Any CPU
		{BF2BC546-AE84-48B3-B341-7629DCA583E2}.Test|Any CPU.Build.0 = Test|Any CPU
		{F393BBC4-3A16-4C1D-B978-429EC48B771F}.Debug|Any CPU.ActiveCfg = Debug|Any CPU
		{F393BBC4-3A16-4C1D-B978-429EC48B771F}.Debug|Any CPU.Build.0 = Debug|Any CPU
		{F393BBC4-3A16-4C1D-B978-429EC48B771F}.Development|Any CPU.ActiveCfg = Development|Any CPU
		{F393BBC4-3A16-4C1D-B978-429EC48B771F}.Development|Any CPU.Build.0 = Development|Any CPU
		{F393BBC4-3A16-4C1D-B978-429EC48B771F}.Release|Any CPU.ActiveCfg = Release|Any CPU
		{F393BBC4-3A16-4C1D-B978-429EC48B771F}.Release|Any CPU.Build.0 = Release|Any CPU
		{F393BBC4-3A16-4C1D-B978-429EC48B771F}.Test|Any CPU.ActiveCfg = Test|Any CPU
		{F393BBC4-3A16-4C1D-B978-429EC48B771F}.Test|Any CPU.Build.0 = Test|Any CPU
		{C5B0E75D-E045-44D9-AE22-AA46E3E72D14}.Debug|Any CPU.ActiveCfg = Debug|Any CPU
		{C5B0E75D-E045-44D9-AE22-AA46E3E72D14}.Debug|Any CPU.Build.0 = Debug|Any CPU
		{C5B0E75D-E045-44D9-AE22-AA46E3E72D14}.Development|Any CPU.ActiveCfg = Development|Any CPU
		{C5B0E75D-E045-44D9-AE22-AA46E3E72D14}.Development|Any CPU.Build.0 = Development|Any CPU
		{C5B0E75D-E045-44D9-AE22-AA46E3E72D14}.Release|Any CPU.ActiveCfg = Release|Any CPU
		{C5B0E75D-E045-44D9-AE22-AA46E3E72D14}.Release|Any CPU.Build.0 = Release|Any CPU
		{C5B0E75D-E045-44D9-AE22-AA46E3E72D14}.Test|Any CPU.ActiveCfg = Test|Any CPU
		{C5B0E75D-E045-44D9-AE22-AA46E3E72D14}.Test|Any CPU.Build.0 = Test|Any CPU
		{0EE60D26-A847-4C83-BE90-8879BDFB12B6}.Debug|Any CPU.ActiveCfg = Debug|Any CPU
		{0EE60D26-A847-4C83-BE90-8879BDFB12B6}.Debug|Any CPU.Build.0 = Debug|Any CPU
		{0EE60D26-A847-4C83-BE90-8879BDFB12B6}.Development|Any CPU.ActiveCfg = Development|Any CPU
		{0EE60D26-A847-4C83-BE90-8879BDFB12B6}.Development|Any CPU.Build.0 = Development|Any CPU
		{0EE60D26-A847-4C83-BE90-8879BDFB12B6}.Release|Any CPU.ActiveCfg = Release|Any CPU
		{0EE60D26-A847-4C83-BE90-8879BDFB12B6}.Release|Any CPU.Build.0 = Release|Any CPU
		{0EE60D26-A847-4C83-BE90-8879BDFB12B6}.Test|Any CPU.ActiveCfg = Test|Any CPU
		{0EE60D26-A847-4C83-BE90-8879BDFB12B6}.Test|Any CPU.Build.0 = Test|Any CPU
		{4F582199-A7A3-42C8-BE51-9AB694293F55}.Debug|Any CPU.ActiveCfg = Debug|Any CPU
		{4F582199-A7A3-42C8-BE51-9AB694293F55}.Debug|Any CPU.Build.0 = Debug|Any CPU
		{4F582199-A7A3-42C8-BE51-9AB694293F55}.Development|Any CPU.ActiveCfg = Development|Any CPU
		{4F582199-A7A3-42C8-BE51-9AB694293F55}.Development|Any CPU.Build.0 = Development|Any CPU
		{4F582199-A7A3-42C8-BE51-9AB694293F55}.Release|Any CPU.ActiveCfg = Release|Any CPU
		{4F582199-A7A3-42C8-BE51-9AB694293F55}.Release|Any CPU.Build.0 = Release|Any CPU
		{4F582199-A7A3-42C8-BE51-9AB694293F55}.Test|Any CPU.ActiveCfg = Test|Any CPU
		{4F582199-A7A3-42C8-BE51-9AB694293F55}.Test|Any CPU.Build.0 = Test|Any CPU
		{C4FE7516-AD79-43C7-8575-8A85F29ED26B}.Debug|Any CPU.ActiveCfg = Debug|Any CPU
		{C4FE7516-AD79-43C7-8575-8A85F29ED26B}.Debug|Any CPU.Build.0 = Debug|Any CPU
		{C4FE7516-AD79-43C7-8575-8A85F29ED26B}.Development|Any CPU.ActiveCfg = Development|Any CPU
		{C4FE7516-AD79-43C7-8575-8A85F29ED26B}.Development|Any CPU.Build.0 = Development|Any CPU
		{C4FE7516-AD79-43C7-8575-8A85F29ED26B}.Release|Any CPU.ActiveCfg = Release|Any CPU
		{C4FE7516-AD79-43C7-8575-8A85F29ED26B}.Release|Any CPU.Build.0 = Release|Any CPU
		{C4FE7516-AD79-43C7-8575-8A85F29ED26B}.Test|Any CPU.ActiveCfg = Test|Any CPU
		{C4FE7516-AD79-43C7-8575-8A85F29ED26B}.Test|Any CPU.Build.0 = Test|Any CPU
		{4C5CA740-3FD7-4370-9D1C-F5D0CB5DCE24}.Debug|Any CPU.ActiveCfg = Debug|Any CPU
		{4C5CA740-3FD7-4370-9D1C-F5D0CB5DCE24}.Debug|Any CPU.Build.0 = Debug|Any CPU
		{4C5CA740-3FD7-4370-9D1C-F5D0CB5DCE24}.Development|Any CPU.ActiveCfg = Development|Any CPU
		{4C5CA740-3FD7-4370-9D1C-F5D0CB5DCE24}.Development|Any CPU.Build.0 = Development|Any CPU
		{4C5CA740-3FD7-4370-9D1C-F5D0CB5DCE24}.Release|Any CPU.ActiveCfg = Release|Any CPU
		{4C5CA740-3FD7-4370-9D1C-F5D0CB5DCE24}.Release|Any CPU.Build.0 = Release|Any CPU
		{4C5CA740-3FD7-4370-9D1C-F5D0CB5DCE24}.Test|Any CPU.ActiveCfg = Test|Any CPU
		{4C5CA740-3FD7-4370-9D1C-F5D0CB5DCE24}.Test|Any CPU.Build.0 = Test|Any CPU
		{BB6FDE49-B321-47AD-B6AA-804513DB4463}.Debug|Any CPU.ActiveCfg = Debug|Any CPU
		{BB6FDE49-B321-47AD-B6AA-804513DB4463}.Debug|Any CPU.Build.0 = Debug|Any CPU
		{BB6FDE49-B321-47AD-B6AA-804513DB4463}.Development|Any CPU.ActiveCfg = Development|Any CPU
		{BB6FDE49-B321-47AD-B6AA-804513DB4463}.Development|Any CPU.Build.0 = Development|Any CPU
		{BB6FDE49-B321-47AD-B6AA-804513DB4463}.Release|Any CPU.ActiveCfg = Release|Any CPU
		{BB6FDE49-B321-47AD-B6AA-804513DB4463}.Release|Any CPU.Build.0 = Release|Any CPU
		{BB6FDE49-B321-47AD-B6AA-804513DB4463}.Test|Any CPU.ActiveCfg = Test|Any CPU
		{BB6FDE49-B321-47AD-B6AA-804513DB4463}.Test|Any CPU.Build.0 = Test|Any CPU
		{2873F201-3564-4E2A-A4B1-13D21DF4FA04}.Debug|Any CPU.ActiveCfg = Debug|Any CPU
		{2873F201-3564-4E2A-A4B1-13D21DF4FA04}.Debug|Any CPU.Build.0 = Debug|Any CPU
		{2873F201-3564-4E2A-A4B1-13D21DF4FA04}.Development|Any CPU.ActiveCfg = Development|Any CPU
		{2873F201-3564-4E2A-A4B1-13D21DF4FA04}.Development|Any CPU.Build.0 = Development|Any CPU
		{2873F201-3564-4E2A-A4B1-13D21DF4FA04}.Release|Any CPU.ActiveCfg = Release|Any CPU
		{2873F201-3564-4E2A-A4B1-13D21DF4FA04}.Release|Any CPU.Build.0 = Release|Any CPU
		{2873F201-3564-4E2A-A4B1-13D21DF4FA04}.Test|Any CPU.ActiveCfg = Test|Any CPU
		{2873F201-3564-4E2A-A4B1-13D21DF4FA04}.Test|Any CPU.Build.0 = Test|Any CPU
		{31D14DD3-90A4-47D7-B636-026F71C5728F}.Debug|Any CPU.ActiveCfg = Debug|Any CPU
		{31D14DD3-90A4-47D7-B636-026F71C5728F}.Debug|Any CPU.Build.0 = Debug|Any CPU
		{31D14DD3-90A4-47D7-B636-026F71C5728F}.Development|Any CPU.ActiveCfg = Development|Any CPU
		{31D14DD3-90A4-47D7-B636-026F71C5728F}.Development|Any CPU.Build.0 = Development|Any CPU
		{31D14DD3-90A4-47D7-B636-026F71C5728F}.Release|Any CPU.ActiveCfg = Release|Any CPU
		{31D14DD3-90A4-47D7-B636-026F71C5728F}.Release|Any CPU.Build.0 = Release|Any CPU
		{31D14DD3-90A4-47D7-B636-026F71C5728F}.Test|Any CPU.ActiveCfg = Test|Any CPU
		{31D14DD3-90A4-47D7-B636-026F71C5728F}.Test|Any CPU.Build.0 = Test|Any CPU
		{D98A4076-6FD0-48BD-88FD-0231F2C7B941}.Debug|Any CPU.ActiveCfg = Debug|Any CPU
		{D98A4076-6FD0-48BD-88FD-0231F2C7B941}.Debug|Any CPU.Build.0 = Debug|Any CPU
		{D98A4076-6FD0-48BD-88FD-0231F2C7B941}.Development|Any CPU.ActiveCfg = Development|Any CPU
		{D98A4076-6FD0-48BD-88FD-0231F2C7B941}.Development|Any CPU.Build.0 = Development|Any CPU
		{D98A4076-6FD0-48BD-88FD-0231F2C7B941}.Release|Any CPU.ActiveCfg = Release|Any CPU
		{D98A4076-6FD0-48BD-88FD-0231F2C7B941}.Release|Any CPU.Build.0 = Release|Any CPU
		{D98A4076-6FD0-48BD-88FD-0231F2C7B941}.Test|Any CPU.ActiveCfg = Test|Any CPU
		{D98A4076-6FD0-48BD-88FD-0231F2C7B941}.Test|Any CPU.Build.0 = Test|Any CPU
		{7D4AB85C-4369-4900-B0CB-519C5245ADFF}.Debug|Any CPU.ActiveCfg = Debug|Any CPU
		{7D4AB85C-4369-4900-B0CB-519C5245ADFF}.Debug|Any CPU.Build.0 = Debug|Any CPU
		{7D4AB85C-4369-4900-B0CB-519C5245ADFF}.Development|Any CPU.ActiveCfg = Development|Any CPU
		{7D4AB85C-4369-4900-B0CB-519C5245ADFF}.Development|Any CPU.Build.0 = Development|Any CPU
		{7D4AB85C-4369-4900-B0CB-519C5245ADFF}.Release|Any CPU.ActiveCfg = Release|Any CPU
		{7D4AB85C-4369-4900-B0CB-519C5245ADFF}.Release|Any CPU.Build.0 = Release|Any CPU
		{7D4AB85C-4369-4900-B0CB-519C5245ADFF}.Test|Any CPU.ActiveCfg = Test|Any CPU
		{7D4AB85C-4369-4900-B0CB-519C5245ADFF}.Test|Any CPU.Build.0 = Test|Any CPU
		{77FE95A7-A18B-4E97-A8FD-3A78C41A8D14}.Debug|Any CPU.ActiveCfg = Debug|Any CPU
		{77FE95A7-A18B-4E97-A8FD-3A78C41A8D14}.Debug|Any CPU.Build.0 = Debug|Any CPU
		{77FE95A7-A18B-4E97-A8FD-3A78C41A8D14}.Development|Any CPU.ActiveCfg = Development|Any CPU
		{77FE95A7-A18B-4E97-A8FD-3A78C41A8D14}.Development|Any CPU.Build.0 = Development|Any CPU
		{77FE95A7-A18B-4E97-A8FD-3A78C41A8D14}.Release|Any CPU.ActiveCfg = Release|Any CPU
		{77FE95A7-A18B-4E97-A8FD-3A78C41A8D14}.Release|Any CPU.Build.0 = Release|Any CPU
		{77FE95A7-A18B-4E97-A8FD-3A78C41A8D14}.Test|Any CPU.ActiveCfg = Test|Any CPU
		{77FE95A7-A18B-4E97-A8FD-3A78C41A8D14}.Test|Any CPU.Build.0 = Test|Any CPU
		{E485AC7B-280F-4C40-98BA-8F10D935A1EB}.Debug|Any CPU.ActiveCfg = Debug|Any CPU
		{E485AC7B-280F-4C40-98BA-8F10D935A1EB}.Debug|Any CPU.Build.0 = Debug|Any CPU
		{E485AC7B-280F-4C40-98BA-8F10D935A1EB}.Development|Any CPU.ActiveCfg = Development|Any CPU
		{E485AC7B-280F-4C40-98BA-8F10D935A1EB}.Development|Any CPU.Build.0 = Development|Any CPU
		{E485AC7B-280F-4C40-98BA-8F10D935A1EB}.Release|Any CPU.ActiveCfg = Release|Any CPU
		{E485AC7B-280F-4C40-98BA-8F10D935A1EB}.Release|Any CPU.Build.0 = Release|Any CPU
		{E485AC7B-280F-4C40-98BA-8F10D935A1EB}.Test|Any CPU.ActiveCfg = Test|Any CPU
		{E485AC7B-280F-4C40-98BA-8F10D935A1EB}.Test|Any CPU.Build.0 = Test|Any CPU
		{94B03D27-B890-4DCE-98E2-385E1447B9D9}.Debug|Any CPU.ActiveCfg = Debug|Any CPU
		{94B03D27-B890-4DCE-98E2-385E1447B9D9}.Debug|Any CPU.Build.0 = Debug|Any CPU
		{94B03D27-B890-4DCE-98E2-385E1447B9D9}.Development|Any CPU.ActiveCfg = Development|Any CPU
		{94B03D27-B890-4DCE-98E2-385E1447B9D9}.Development|Any CPU.Build.0 = Development|Any CPU
		{94B03D27-B890-4DCE-98E2-385E1447B9D9}.Release|Any CPU.ActiveCfg = Release|Any CPU
		{94B03D27-B890-4DCE-98E2-385E1447B9D9}.Release|Any CPU.Build.0 = Release|Any CPU
		{94B03D27-B890-4DCE-98E2-385E1447B9D9}.Test|Any CPU.ActiveCfg = Test|Any CPU
		{94B03D27-B890-4DCE-98E2-385E1447B9D9}.Test|Any CPU.Build.0 = Test|Any CPU
		{1DE8F158-A11C-4040-9E93-DD3BD05CF22C}.Debug|Any CPU.ActiveCfg = Debug|Any CPU
		{1DE8F158-A11C-4040-9E93-DD3BD05CF22C}.Debug|Any CPU.Build.0 = Debug|Any CPU
		{1DE8F158-A11C-4040-9E93-DD3BD05CF22C}.Development|Any CPU.ActiveCfg = Development|Any CPU
		{1DE8F158-A11C-4040-9E93-DD3BD05CF22C}.Development|Any CPU.Build.0 = Development|Any CPU
		{1DE8F158-A11C-4040-9E93-DD3BD05CF22C}.Release|Any CPU.ActiveCfg = Release|Any CPU
		{1DE8F158-A11C-4040-9E93-DD3BD05CF22C}.Release|Any CPU.Build.0 = Release|Any CPU
		{1DE8F158-A11C-4040-9E93-DD3BD05CF22C}.Test|Any CPU.ActiveCfg = Test|Any CPU
		{1DE8F158-A11C-4040-9E93-DD3BD05CF22C}.Test|Any CPU.Build.0 = Test|Any CPU
		{AB64C7CA-914D-45D7-95CC-3AB05DEA90A9}.Debug|Any CPU.ActiveCfg = Debug|Any CPU
		{AB64C7CA-914D-45D7-95CC-3AB05DEA90A9}.Debug|Any CPU.Build.0 = Debug|Any CPU
		{AB64C7CA-914D-45D7-95CC-3AB05DEA90A9}.Development|Any CPU.ActiveCfg = Development|Any CPU
		{AB64C7CA-914D-45D7-95CC-3AB05DEA90A9}.Development|Any CPU.Build.0 = Development|Any CPU
		{AB64C7CA-914D-45D7-95CC-3AB05DEA90A9}.Release|Any CPU.ActiveCfg = Release|Any CPU
		{AB64C7CA-914D-45D7-95CC-3AB05DEA90A9}.Release|Any CPU.Build.0 = Release|Any CPU
		{AB64C7CA-914D-45D7-95CC-3AB05DEA90A9}.Test|Any CPU.ActiveCfg = Test|Any CPU
		{AB64C7CA-914D-45D7-95CC-3AB05DEA90A9}.Test|Any CPU.Build.0 = Test|Any CPU
		{5D984FE7-0BA1-4CA2-953A-B8ABD628A84A}.Debug|Any CPU.ActiveCfg = Debug|Any CPU
		{5D984FE7-0BA1-4CA2-953A-B8ABD628A84A}.Debug|Any CPU.Build.0 = Debug|Any CPU
		{5D984FE7-0BA1-4CA2-953A-B8ABD628A84A}.Development|Any CPU.ActiveCfg = Development|Any CPU
		{5D984FE7-0BA1-4CA2-953A-B8ABD628A84A}.Development|Any CPU.Build.0 = Development|Any CPU
		{5D984FE7-0BA1-4CA2-953A-B8ABD628A84A}.Release|Any CPU.ActiveCfg = Release|Any CPU
		{5D984FE7-0BA1-4CA2-953A-B8ABD628A84A}.Release|Any CPU.Build.0 = Release|Any CPU
		{5D984FE7-0BA1-4CA2-953A-B8ABD628A84A}.Test|Any CPU.ActiveCfg = Test|Any CPU
		{5D984FE7-0BA1-4CA2-953A-B8ABD628A84A}.Test|Any CPU.Build.0 = Test|Any CPU
		{3CDAD1DD-9E21-4C6C-9911-3B0456AAD720}.Debug|Any CPU.ActiveCfg = Debug|Any CPU
		{3CDAD1DD-9E21-4C6C-9911-3B0456AAD720}.Debug|Any CPU.Build.0 = Debug|Any CPU
		{3CDAD1DD-9E21-4C6C-9911-3B0456AAD720}.Development|Any CPU.ActiveCfg = Development|Any CPU
		{3CDAD1DD-9E21-4C6C-9911-3B0456AAD720}.Development|Any CPU.Build.0 = Development|Any CPU
		{3CDAD1DD-9E21-4C6C-9911-3B0456AAD720}.Release|Any CPU.ActiveCfg = Release|Any CPU
		{3CDAD1DD-9E21-4C6C-9911-3B0456AAD720}.Release|Any CPU.Build.0 = Release|Any CPU
		{3CDAD1DD-9E21-4C6C-9911-3B0456AAD720}.Test|Any CPU.ActiveCfg = Test|Any CPU
		{3CDAD1DD-9E21-4C6C-9911-3B0456AAD720}.Test|Any CPU.Build.0 = Test|Any CPU
		{C8E6F34A-24AD-41D4-8700-8CE479F95C50}.Debug|Any CPU.ActiveCfg = Debug|Any CPU
		{C8E6F34A-24AD-41D4-8700-8CE479F95C50}.Debug|Any CPU.Build.0 = Debug|Any CPU
		{C8E6F34A-24AD-41D4-8700-8CE479F95C50}.Development|Any CPU.ActiveCfg = Development|Any CPU
		{C8E6F34A-24AD-41D4-8700-8CE479F95C50}.Development|Any CPU.Build.0 = Development|Any CPU
		{C8E6F34A-24AD-41D4-8700-8CE479F95C50}.Release|Any CPU.ActiveCfg = Release|Any CPU
		{C8E6F34A-24AD-41D4-8700-8CE479F95C50}.Release|Any CPU.Build.0 = Release|Any CPU
		{C8E6F34A-24AD-41D4-8700-8CE479F95C50}.Test|Any CPU.ActiveCfg = Test|Any CPU
		{C8E6F34A-24AD-41D4-8700-8CE479F95C50}.Test|Any CPU.Build.0 = Test|Any CPU
		{BA95910A-AFFF-4011-9903-5243B5157155}.Debug|Any CPU.ActiveCfg = Debug|Any CPU
		{BA95910A-AFFF-4011-9903-5243B5157155}.Debug|Any CPU.Build.0 = Debug|Any CPU
		{BA95910A-AFFF-4011-9903-5243B5157155}.Development|Any CPU.ActiveCfg = Development|Any CPU
		{BA95910A-AFFF-4011-9903-5243B5157155}.Development|Any CPU.Build.0 = Development|Any CPU
		{BA95910A-AFFF-4011-9903-5243B5157155}.Release|Any CPU.ActiveCfg = Release|Any CPU
		{BA95910A-AFFF-4011-9903-5243B5157155}.Release|Any CPU.Build.0 = Release|Any CPU
		{BA95910A-AFFF-4011-9903-5243B5157155}.Test|Any CPU.ActiveCfg = Test|Any CPU
		{BA95910A-AFFF-4011-9903-5243B5157155}.Test|Any CPU.Build.0 = Test|Any CPU
		{06E04045-BB71-4459-A890-60EE6CE446DA}.Debug|Any CPU.ActiveCfg = Debug|Any CPU
		{06E04045-BB71-4459-A890-60EE6CE446DA}.Debug|Any CPU.Build.0 = Debug|Any CPU
		{06E04045-BB71-4459-A890-60EE6CE446DA}.Development|Any CPU.ActiveCfg = Development|Any CPU
		{06E04045-BB71-4459-A890-60EE6CE446DA}.Development|Any CPU.Build.0 = Development|Any CPU
		{06E04045-BB71-4459-A890-60EE6CE446DA}.Release|Any CPU.ActiveCfg = Release|Any CPU
		{06E04045-BB71-4459-A890-60EE6CE446DA}.Release|Any CPU.Build.0 = Release|Any CPU
		{06E04045-BB71-4459-A890-60EE6CE446DA}.Test|Any CPU.ActiveCfg = Test|Any CPU
		{06E04045-BB71-4459-A890-60EE6CE446DA}.Test|Any CPU.Build.0 = Test|Any CPU
		{D1379BAF-C422-4CE3-87FC-4471B08A677A}.Debug|Any CPU.ActiveCfg = Debug|Any CPU
		{D1379BAF-C422-4CE3-87FC-4471B08A677A}.Debug|Any CPU.Build.0 = Debug|Any CPU
		{D1379BAF-C422-4CE3-87FC-4471B08A677A}.Development|Any CPU.ActiveCfg = Development|Any CPU
		{D1379BAF-C422-4CE3-87FC-4471B08A677A}.Development|Any CPU.Build.0 = Development|Any CPU
		{D1379BAF-C422-4CE3-87FC-4471B08A677A}.Release|Any CPU.ActiveCfg = Release|Any CPU
		{D1379BAF-C422-4CE3-87FC-4471B08A677A}.Release|Any CPU.Build.0 = Release|Any CPU
		{D1379BAF-C422-4CE3-87FC-4471B08A677A}.Test|Any CPU.ActiveCfg = Test|Any CPU
		{D1379BAF-C422-4CE3-87FC-4471B08A677A}.Test|Any CPU.Build.0 = Test|Any CPU
		{C1E193F7-B886-46D0-A11C-A61077CBF554}.Debug|Any CPU.ActiveCfg = Debug|Any CPU
		{C1E193F7-B886-46D0-A11C-A61077CBF554}.Debug|Any CPU.Build.0 = Debug|Any CPU
		{C1E193F7-B886-46D0-A11C-A61077CBF554}.Development|Any CPU.ActiveCfg = Development|Any CPU
		{C1E193F7-B886-46D0-A11C-A61077CBF554}.Development|Any CPU.Build.0 = Development|Any CPU
		{C1E193F7-B886-46D0-A11C-A61077CBF554}.Release|Any CPU.ActiveCfg = Release|Any CPU
		{C1E193F7-B886-46D0-A11C-A61077CBF554}.Release|Any CPU.Build.0 = Release|Any CPU
		{C1E193F7-B886-46D0-A11C-A61077CBF554}.Test|Any CPU.ActiveCfg = Test|Any CPU
		{C1E193F7-B886-46D0-A11C-A61077CBF554}.Test|Any CPU.Build.0 = Test|Any CPU
		{0C75E500-6905-48C9-8668-17304EF94447}.Debug|Any CPU.ActiveCfg = Debug|Any CPU
		{0C75E500-6905-48C9-8668-17304EF94447}.Debug|Any CPU.Build.0 = Debug|Any CPU
		{0C75E500-6905-48C9-8668-17304EF94447}.Development|Any CPU.ActiveCfg = Development|Any CPU
		{0C75E500-6905-48C9-8668-17304EF94447}.Development|Any CPU.Build.0 = Development|Any CPU
		{0C75E500-6905-48C9-8668-17304EF94447}.Release|Any CPU.ActiveCfg = Release|Any CPU
		{0C75E500-6905-48C9-8668-17304EF94447}.Release|Any CPU.Build.0 = Release|Any CPU
		{0C75E500-6905-48C9-8668-17304EF94447}.Test|Any CPU.ActiveCfg = Test|Any CPU
		{0C75E500-6905-48C9-8668-17304EF94447}.Test|Any CPU.Build.0 = Test|Any CPU
		{7344851D-A1BC-40BE-85A6-25D810E88BDB}.Debug|Any CPU.ActiveCfg = Debug|Any CPU
		{7344851D-A1BC-40BE-85A6-25D810E88BDB}.Debug|Any CPU.Build.0 = Debug|Any CPU
		{7344851D-A1BC-40BE-85A6-25D810E88BDB}.Development|Any CPU.ActiveCfg = Development|Any CPU
		{7344851D-A1BC-40BE-85A6-25D810E88BDB}.Development|Any CPU.Build.0 = Development|Any CPU
		{7344851D-A1BC-40BE-85A6-25D810E88BDB}.Release|Any CPU.ActiveCfg = Release|Any CPU
		{7344851D-A1BC-40BE-85A6-25D810E88BDB}.Release|Any CPU.Build.0 = Release|Any CPU
		{7344851D-A1BC-40BE-85A6-25D810E88BDB}.Test|Any CPU.ActiveCfg = Test|Any CPU
		{7344851D-A1BC-40BE-85A6-25D810E88BDB}.Test|Any CPU.Build.0 = Test|Any CPU
		{14103467-B8C9-46BD-9C64-0403327892BA}.Debug|Any CPU.ActiveCfg = Debug|Any CPU
		{14103467-B8C9-46BD-9C64-0403327892BA}.Debug|Any CPU.Build.0 = Debug|Any CPU
		{14103467-B8C9-46BD-9C64-0403327892BA}.Development|Any CPU.ActiveCfg = Development|Any CPU
		{14103467-B8C9-46BD-9C64-0403327892BA}.Development|Any CPU.Build.0 = Development|Any CPU
		{14103467-B8C9-46BD-9C64-0403327892BA}.Release|Any CPU.ActiveCfg = Release|Any CPU
		{14103467-B8C9-46BD-9C64-0403327892BA}.Release|Any CPU.Build.0 = Release|Any CPU
		{14103467-B8C9-46BD-9C64-0403327892BA}.Test|Any CPU.ActiveCfg = Test|Any CPU
		{14103467-B8C9-46BD-9C64-0403327892BA}.Test|Any CPU.Build.0 = Test|Any CPU
		{52A2E811-5622-4FD7-B5D7-A4AF033CBD85}.Debug|Any CPU.ActiveCfg = Debug|Any CPU
		{52A2E811-5622-4FD7-B5D7-A4AF033CBD85}.Debug|Any CPU.Build.0 = Debug|Any CPU
		{52A2E811-5622-4FD7-B5D7-A4AF033CBD85}.Development|Any CPU.ActiveCfg = Development|Any CPU
		{52A2E811-5622-4FD7-B5D7-A4AF033CBD85}.Development|Any CPU.Build.0 = Development|Any CPU
		{52A2E811-5622-4FD7-B5D7-A4AF033CBD85}.Release|Any CPU.ActiveCfg = Release|Any CPU
		{52A2E811-5622-4FD7-B5D7-A4AF033CBD85}.Release|Any CPU.Build.0 = Release|Any CPU
		{52A2E811-5622-4FD7-B5D7-A4AF033CBD85}.Test|Any CPU.ActiveCfg = Test|Any CPU
		{52A2E811-5622-4FD7-B5D7-A4AF033CBD85}.Test|Any CPU.Build.0 = Test|Any CPU
		{084146C0-180A-4869-86D8-8A4EB7AA9085}.Debug|Any CPU.ActiveCfg = Debug|Any CPU
		{084146C0-180A-4869-86D8-8A4EB7AA9085}.Debug|Any CPU.Build.0 = Debug|Any CPU
		{084146C0-180A-4869-86D8-8A4EB7AA9085}.Development|Any CPU.ActiveCfg = Development|Any CPU
		{084146C0-180A-4869-86D8-8A4EB7AA9085}.Development|Any CPU.Build.0 = Development|Any CPU
		{084146C0-180A-4869-86D8-8A4EB7AA9085}.Release|Any CPU.ActiveCfg = Release|Any CPU
		{084146C0-180A-4869-86D8-8A4EB7AA9085}.Release|Any CPU.Build.0 = Release|Any CPU
		{084146C0-180A-4869-86D8-8A4EB7AA9085}.Test|Any CPU.ActiveCfg = Test|Any CPU
		{084146C0-180A-4869-86D8-8A4EB7AA9085}.Test|Any CPU.Build.0 = Test|Any CPU
	EndGlobalSection
	GlobalSection(SolutionProperties) = preSolution
		HideSolutionNode = FALSE
	EndGlobalSection
	GlobalSection(NestedProjects) = preSolution
		{DAF4536C-F863-490F-827C-E97BB44DDBF4} = {564DEC56-E3C5-485E-8F3E-93766558EDCC}
		{231484DC-BC4F-49AF-9219-E4C1DCE185FC} = {564DEC56-E3C5-485E-8F3E-93766558EDCC}
		{5BE9C8AA-A9A4-4D5D-97FC-C6DB5D6EAB4F} = {BC72737F-228B-4E40-888E-E28352AC651D}
		{7502EBCA-9760-4817-A6C9-6C21E95F58D2} = {BC72737F-228B-4E40-888E-E28352AC651D}
		{8874E05B-489A-488B-BCB9-10A7E8DE2445} = {564DEC56-E3C5-485E-8F3E-93766558EDCC}
		{F3F889BD-94BB-413C-9B7B-BDD9C04A9B1A} = {564DEC56-E3C5-485E-8F3E-93766558EDCC}
		{A6C42830-FF4E-469B-AB31-5F6D96093693} = {564DEC56-E3C5-485E-8F3E-93766558EDCC}
		{361666BD-651C-41CB-88C3-5C7C45998DAE} = {BC72737F-228B-4E40-888E-E28352AC651D}
		{C8359452-B6E8-46EB-A53B-CF6CA6C18876} = {BC72737F-228B-4E40-888E-E28352AC651D}
		{F2EBD8C4-EF5C-4726-BD6E-3A125C77B0C6} = {93FE1280-4A33-4944-A63D-F48C954D974F}
		{87BD9397-E1C7-4070-959F-F8DCC024C2EB} = {564DEC56-E3C5-485E-8F3E-93766558EDCC}
		{57D4E307-7D88-4A20-9E8B-25100BE0ED92} = {564DEC56-E3C5-485E-8F3E-93766558EDCC}
		{0B59632F-3D15-4812-9333-311A72135A7B} = {93FE1280-4A33-4944-A63D-F48C954D974F}
		{BF2BC546-AE84-48B3-B341-7629DCA583E2} = {93FE1280-4A33-4944-A63D-F48C954D974F}
		{0EE60D26-A847-4C83-BE90-8879BDFB12B6} = {426B6D33-D253-4080-9281-C0D92FCD0DF1}
		{4F582199-A7A3-42C8-BE51-9AB694293F55} = {426B6D33-D253-4080-9281-C0D92FCD0DF1}
		{C4FE7516-AD79-43C7-8575-8A85F29ED26B} = {426B6D33-D253-4080-9281-C0D92FCD0DF1}
		{564DEC56-E3C5-485E-8F3E-93766558EDCC} = {93FE1280-4A33-4944-A63D-F48C954D974F}
		{AB64C7CA-914D-45D7-95CC-3AB05DEA90A9} = {9321B1AC-F3BE-4E02-9DE3-9DAB792A9D2A}
		{5D984FE7-0BA1-4CA2-953A-B8ABD628A84A} = {9321B1AC-F3BE-4E02-9DE3-9DAB792A9D2A}
		{3CDAD1DD-9E21-4C6C-9911-3B0456AAD720} = {BC72737F-228B-4E40-888E-E28352AC651D}
		{C8E6F34A-24AD-41D4-8700-8CE479F95C50} = {BC72737F-228B-4E40-888E-E28352AC651D}
		{BA95910A-AFFF-4011-9903-5243B5157155} = {BC72737F-228B-4E40-888E-E28352AC651D}
		{06E04045-BB71-4459-A890-60EE6CE446DA} = {BC72737F-228B-4E40-888E-E28352AC651D}
		{D1379BAF-C422-4CE3-87FC-4471B08A677A} = {BC72737F-228B-4E40-888E-E28352AC651D}
		{C1E193F7-B886-46D0-A11C-A61077CBF554} = {BC72737F-228B-4E40-888E-E28352AC651D}
		{0C75E500-6905-48C9-8668-17304EF94447} = {BC72737F-228B-4E40-888E-E28352AC651D}
		{7344851D-A1BC-40BE-85A6-25D810E88BDB} = {BC72737F-228B-4E40-888E-E28352AC651D}
		{14103467-B8C9-46BD-9C64-0403327892BA} = {BC72737F-228B-4E40-888E-E28352AC651D}
		{52A2E811-5622-4FD7-B5D7-A4AF033CBD85} = {9321B1AC-F3BE-4E02-9DE3-9DAB792A9D2A}
		{084146C0-180A-4869-86D8-8A4EB7AA9085} = {9321B1AC-F3BE-4E02-9DE3-9DAB792A9D2A}
	EndGlobalSection
EndGlobal
