
Microsoft Visual Studio Solution File, Format Version 12.00
# Visual Studio 14
VisualStudioVersion = 14.0.25123.0
MinimumVisualStudioVersion = 10.0.40219.1
Project("{FAE04EC0-301F-11D3-BF4B-00C04F79EFBC}") = "SOLIDplate.Data.EntityFramework", "SOLIDplate.Data.EntityFramework\SOLIDplate.Data.EntityFramework.csproj", "{DAF4536C-F863-490F-827C-E97BB44DDBF4}"
EndProject
Project("{2150E333-8FDC-42A3-9474-1A3956D46DE8}") = ".nuget", ".nuget", "{5E902F5B-7F1E-4C50-BEFA-0FAF35517E4C}"
	ProjectSection(SolutionItems) = preProject
		.nuget\NuGet.exe = .nuget\NuGet.exe
		.nuget\NuGet.targets = .nuget\NuGet.targets
	EndProjectSection
EndProject
Project("{FAE04EC0-301F-11D3-BF4B-00C04F79EFBC}") = "SOLIDplate.Data.EntityFramework.Interfaces", "SOLIDplate.Data.EntityFramework.Interfaces\SOLIDplate.Data.EntityFramework.Interfaces.csproj", "{231484DC-BC4F-49AF-9219-E4C1DCE185FC}"
EndProject
Project("{FAE04EC0-301F-11D3-BF4B-00C04F79EFBC}") = "SOLIDplate.Domain.Entities.Interfaces", "SOLIDplate.Domain.Entities.Interfaces\SOLIDplate.Domain.Entities.Interfaces.csproj", "{5BE9C8AA-A9A4-4D5D-97FC-C6DB5D6EAB4F}"
EndProject
Project("{FAE04EC0-301F-11D3-BF4B-00C04F79EFBC}") = "SOLIDplate.Domain.Entities", "SOLIDplate.Domain.Entities\SOLIDplate.Domain.Entities.csproj", "{7502EBCA-9760-4817-A6C9-6C21E95F58D2}"
EndProject
Project("{FAE04EC0-301F-11D3-BF4B-00C04F79EFBC}") = "SOLIDplate.Data.EntityFramework.Configurations", "SOLIDplate.Data.EntityFramework.Configurations\SOLIDplate.Data.EntityFramework.Configurations.csproj", "{8874E05B-489A-488B-BCB9-10A7E8DE2445}"
EndProject
Project("{FAE04EC0-301F-11D3-BF4B-00C04F79EFBC}") = "SOLIDplate.Data.Services.EntityFramework.Interfaces", "SOLIDplate.Data.Services.EntityFramework.Interfaces\SOLIDplate.Data.Services.EntityFramework.Interfaces.csproj", "{F3F889BD-94BB-413C-9B7B-BDD9C04A9B1A}"
EndProject
Project("{FAE04EC0-301F-11D3-BF4B-00C04F79EFBC}") = "SOLIDplate.Data.Services.EntityFramework", "SOLIDplate.Data.Services.EntityFramework\SOLIDplate.Data.Services.EntityFramework.csproj", "{A6C42830-FF4E-469B-AB31-5F6D96093693}"
EndProject
Project("{FAE04EC0-301F-11D3-BF4B-00C04F79EFBC}") = "SOLIDplate.Domain.Integration.Services.Interfaces", "SOLIDplate.Domain.Integration.Services.Interfaces\SOLIDplate.Domain.Integration.Services.Interfaces.csproj", "{361666BD-651C-41CB-88C3-5C7C45998DAE}"
EndProject
Project("{FAE04EC0-301F-11D3-BF4B-00C04F79EFBC}") = "SOLIDplate.Domain.Integration.Services", "SOLIDplate.Domain.Integration.Services\SOLIDplate.Domain.Integration.Services.csproj", "{C8359452-B6E8-46EB-A53B-CF6CA6C18876}"
EndProject
Project("{FAE04EC0-301F-11D3-BF4B-00C04F79EFBC}") = "SOLIDplate.Unity", "SOLIDplate.Unity\SOLIDplate.Unity.csproj", "{31D14DD3-90A4-47D7-B636-026F71C5728F}"
EndProject
Project("{FAE04EC0-301F-11D3-BF4B-00C04F79EFBC}") = "SOLIDplate.Json.Net", "SOLIDplate.Json.Net\SOLIDplate.Json.Net.csproj", "{18233B0C-B4B5-4F9D-84D3-81A982EA6653}"
EndProject
Project("{FAE04EC0-301F-11D3-BF4B-00C04F79EFBC}") = "SOLIDplate.Repository.Interfaces", "SOLIDplate.Repository.Interfaces\SOLIDplate.Repository.Interfaces.csproj", "{F2EBD8C4-EF5C-4726-BD6E-3A125C77B0C6}"
EndProject
Project("{FAE04EC0-301F-11D3-BF4B-00C04F79EFBC}") = "SOLIDplate.Repository.EntityFramework", "SOLIDplate.Repository.EntityFramework\SOLIDplate.Repository.EntityFramework.csproj", "{87BD9397-E1C7-4070-959F-F8DCC024C2EB}"
EndProject
Project("{FAE04EC0-301F-11D3-BF4B-00C04F79EFBC}") = "SOLIDplate.Domain.Services.Interfaces", "SOLIDplate.Domain.Services.Interfaces\SOLIDplate.Domain.Services.Interfaces.csproj", "{3CDAD1DD-9E21-4C6C-9911-3B0456AAD720}"
EndProject
Project("{FAE04EC0-301F-11D3-BF4B-00C04F79EFBC}") = "SOLIDplate.Domain.Services.EntityFramework", "SOLIDplate.Domain.Services.EntityFramework\SOLIDplate.Domain.Services.EntityFramework.csproj", "{BA95910A-AFFF-4011-9903-5243B5157155}"
EndProject
Project("{FAE04EC0-301F-11D3-BF4B-00C04F79EFBC}") = "SOLIDplate.Domain.Services", "SOLIDplate.Domain.Services\SOLIDplate.Domain.Services.csproj", "{C8E6F34A-24AD-41D4-8700-8CE479F95C50}"
EndProject
Project("{FAE04EC0-301F-11D3-BF4B-00C04F79EFBC}") = "SOLIDplate.Repository.EntityFramework.Interfaces", "SOLIDplate.Repository.EntityFramework.Interfaces\SOLIDplate.Repository.EntityFramework.Interfaces.csproj", "{57D4E307-7D88-4A20-9E8B-25100BE0ED92}"
EndProject
Project("{FAE04EC0-301F-11D3-BF4B-00C04F79EFBC}") = "SOLIDplate.Unity.SignalR", "SOLIDplate.Unity.SignalR\SOLIDplate.Unity.SignalR.csproj", "{75B7C8EB-FAF9-4D2D-AB18-A54B435CF3E8}"
EndProject
Project("{FAE04EC0-301F-11D3-BF4B-00C04F79EFBC}") = "SOLIDplate.Unity.WebApi", "SOLIDplate.Unity.WebApi\SOLIDplate.Unity.WebApi.csproj", "{1A626BE9-4B76-43FA-A352-283D4BC71E8B}"
EndProject
Project("{FAE04EC0-301F-11D3-BF4B-00C04F79EFBC}") = "SOLIDplate.Repository", "SOLIDplate.Repository\SOLIDplate.Repository.csproj", "{0B59632F-3D15-4812-9333-311A72135A7B}"
EndProject
Project("{FAE04EC0-301F-11D3-BF4B-00C04F79EFBC}") = "SOLIDplate.Data.Interfaces", "SOLIDplate.Data.Interfaces\SOLIDplate.Data.Interfaces.csproj", "{BF2BC546-AE84-48B3-B341-7629DCA583E2}"
EndProject
Project("{FAE04EC0-301F-11D3-BF4B-00C04F79EFBC}") = "SOLIDplate.Common.Portable", "SOLIDplate.Common.Portable\SOLIDplate.Common.Portable.csproj", "{F393BBC4-3A16-4C1D-B978-429EC48B771F}"
EndProject
Project("{FAE04EC0-301F-11D3-BF4B-00C04F79EFBC}") = "SOLIDplate.Common", "SOLIDplate.Common\SOLIDplate.Common.csproj", "{C5B0E75D-E045-44D9-AE22-AA46E3E72D14}"
EndProject
Project("{FAE04EC0-301F-11D3-BF4B-00C04F79EFBC}") = "SOLIDplate.Services.WebApi", "SOLIDplate.Services.WebApi\SOLIDplate.Services.WebApi.csproj", "{AB64C7CA-914D-45D7-95CC-3AB05DEA90A9}"
EndProject
Project("{FAE04EC0-301F-11D3-BF4B-00C04F79EFBC}") = "SOLIDplate.Services.Clients.SignalR.Interfaces", "SOLIDplate.Services.Clients.SignalR.Interfaces\SOLIDplate.Services.Clients.SignalR.Interfaces.csproj", "{A8B28CFC-17CD-4807-B12C-7CEE8859BC86}"
EndProject
Project("{FAE04EC0-301F-11D3-BF4B-00C04F79EFBC}") = "SOLIDplate.Services.Clients.SignalR", "SOLIDplate.Services.Clients.SignalR\SOLIDplate.Services.Clients.SignalR.csproj", "{25BDF101-EFC0-4A5B-A5F5-A174BD968DD6}"
EndProject
Project("{FAE04EC0-301F-11D3-BF4B-00C04F79EFBC}") = "SOLIDplate.Services.Clients.WebApi", "SOLIDplate.Services.Clients.WebApi\SOLIDplate.Services.Clients.WebApi.csproj", "{F0CB0D16-6DC3-46C0-AD6D-E9C3377EBC55}"
EndProject
Project("{FAE04EC0-301F-11D3-BF4B-00C04F79EFBC}") = "SOLIDplate.Services.Clients.WebApi.Interfaces", "SOLIDplate.Services.Clients.WebApi.Interfaces\SOLIDplate.Services.Clients.WebApi.Interfaces.csproj", "{AA1D719B-9BF9-44A4-8876-80ECB125BFB5}"
EndProject
Project("{FAE04EC0-301F-11D3-BF4B-00C04F79EFBC}") = "SOLIDplate.Services.Clients.Wcf", "SOLIDplate.Services.Clients.Wcf\SOLIDplate.Services.Clients.Wcf.csproj", "{18836272-E1A2-4521-9C90-5FC00637AE7C}"
EndProject
Project("{FAE04EC0-301F-11D3-BF4B-00C04F79EFBC}") = "SOLIDplate.Services.Clients.Wcf.Interfaces", "SOLIDplate.Services.Clients.Wcf.Interfaces\SOLIDplate.Services.Clients.Wcf.Interfaces.csproj", "{0BE31DEC-2AB8-4CB7-945B-2FC1B72A2C83}"
EndProject
Project("{FAE04EC0-301F-11D3-BF4B-00C04F79EFBC}") = "SOLIDplate.Presentation.ViewModels", "SOLIDplate.Presentation.ViewModels\SOLIDplate.Presentation.ViewModels.csproj", "{0EE60D26-A847-4C83-BE90-8879BDFB12B6}"
EndProject
Project("{FAE04EC0-301F-11D3-BF4B-00C04F79EFBC}") = "SOLIDplate.Presentation.ViewModels.Interfaces", "SOLIDplate.Presentation.ViewModels.Interfaces\SOLIDplate.Presentation.ViewModels.Interfaces.csproj", "{4F582199-A7A3-42C8-BE51-9AB694293F55}"
EndProject
Project("{FAE04EC0-301F-11D3-BF4B-00C04F79EFBC}") = "SOLIDplate.Presentation.Views.Xamarin", "SOLIDplate.Presentation.Views.Xamarin\SOLIDplate.Presentation.Views.Xamarin.csproj", "{C4FE7516-AD79-43C7-8575-8A85F29ED26B}"
EndProject
Project("{FAE04EC0-301F-11D3-BF4B-00C04F79EFBC}") = "SOLIDplate.Services.SignalR.Hubs", "SOLIDplate.Services.SignalR.Hubs\SOLIDplate.Services.SignalR.Hubs.csproj", "{4C5CA740-3FD7-4370-9D1C-F5D0CB5DCE24}"
EndProject
Project("{FAE04EC0-301F-11D3-BF4B-00C04F79EFBC}") = "SOLIDplate.Services.SignalR.Hubs.Interfaces", "SOLIDplate.Services.SignalR.Hubs.Interfaces\SOLIDplate.Services.SignalR.Hubs.Interfaces.csproj", "{BB6FDE49-B321-47AD-B6AA-804513DB4463}"
EndProject
Project("{FAE04EC0-301F-11D3-BF4B-00C04F79EFBC}") = "SOLIDplate.Services.SignalR", "SOLIDplate.Services.SignalR\SOLIDplate.Services.SignalR.csproj", "{2873F201-3564-4E2A-A4B1-13D21DF4FA04}"
EndProject
Project("{2150E333-8FDC-42A3-9474-1A3956D46DE8}") = "Solution Items", "Solution Items", "{93A87B19-A905-43E0-83F6-BB7400EE14E8}"
	ProjectSection(SolutionItems) = preProject
		PostBuildEvent.bat = PostBuildEvent.bat
		PreBuildEvent.bat = PreBuildEvent.bat
	EndProjectSection
EndProject
Global
	GlobalSection(SolutionConfigurationPlatforms) = preSolution
		Debug|Any CPU = Debug|Any CPU
		Development|Any CPU = Development|Any CPU
		Release|Any CPU = Release|Any CPU
		Test|Any CPU = Test|Any CPU
	EndGlobalSection
	GlobalSection(ProjectConfigurationPlatforms) = postSolution
		{DAF4536C-F863-490F-827C-E97BB44DDBF4}.Debug|Any CPU.ActiveCfg = Debug|Any CPU
		{DAF4536C-F863-490F-827C-E97BB44DDBF4}.Debug|Any CPU.Build.0 = Debug|Any CPU
		{DAF4536C-F863-490F-827C-E97BB44DDBF4}.Development|Any CPU.ActiveCfg = Development|Any CPU
		{DAF4536C-F863-490F-827C-E97BB44DDBF4}.Development|Any CPU.Build.0 = Development|Any CPU
		{DAF4536C-F863-490F-827C-E97BB44DDBF4}.Release|Any CPU.ActiveCfg = Release|Any CPU
		{DAF4536C-F863-490F-827C-E97BB44DDBF4}.Release|Any CPU.Build.0 = Release|Any CPU
		{DAF4536C-F863-490F-827C-E97BB44DDBF4}.Test|Any CPU.ActiveCfg = Test|Any CPU
		{DAF4536C-F863-490F-827C-E97BB44DDBF4}.Test|Any CPU.Build.0 = Test|Any CPU
		{231484DC-BC4F-49AF-9219-E4C1DCE185FC}.Debug|Any CPU.ActiveCfg = Debug|Any CPU
		{231484DC-BC4F-49AF-9219-E4C1DCE185FC}.Debug|Any CPU.Build.0 = Debug|Any CPU
		{231484DC-BC4F-49AF-9219-E4C1DCE185FC}.Development|Any CPU.ActiveCfg = Development|Any CPU
		{231484DC-BC4F-49AF-9219-E4C1DCE185FC}.Development|Any CPU.Build.0 = Development|Any CPU
		{231484DC-BC4F-49AF-9219-E4C1DCE185FC}.Release|Any CPU.ActiveCfg = Release|Any CPU
		{231484DC-BC4F-49AF-9219-E4C1DCE185FC}.Release|Any CPU.Build.0 = Release|Any CPU
		{231484DC-BC4F-49AF-9219-E4C1DCE185FC}.Test|Any CPU.ActiveCfg = Test|Any CPU
		{231484DC-BC4F-49AF-9219-E4C1DCE185FC}.Test|Any CPU.Build.0 = Test|Any CPU
		{5BE9C8AA-A9A4-4D5D-97FC-C6DB5D6EAB4F}.Debug|Any CPU.ActiveCfg = Debug|Any CPU
		{5BE9C8AA-A9A4-4D5D-97FC-C6DB5D6EAB4F}.Debug|Any CPU.Build.0 = Debug|Any CPU
		{5BE9C8AA-A9A4-4D5D-97FC-C6DB5D6EAB4F}.Development|Any CPU.ActiveCfg = Development|Any CPU
		{5BE9C8AA-A9A4-4D5D-97FC-C6DB5D6EAB4F}.Development|Any CPU.Build.0 = Development|Any CPU
		{5BE9C8AA-A9A4-4D5D-97FC-C6DB5D6EAB4F}.Release|Any CPU.ActiveCfg = Release|Any CPU
		{5BE9C8AA-A9A4-4D5D-97FC-C6DB5D6EAB4F}.Release|Any CPU.Build.0 = Release|Any CPU
		{5BE9C8AA-A9A4-4D5D-97FC-C6DB5D6EAB4F}.Test|Any CPU.ActiveCfg = Test|Any CPU
		{5BE9C8AA-A9A4-4D5D-97FC-C6DB5D6EAB4F}.Test|Any CPU.Build.0 = Test|Any CPU
		{7502EBCA-9760-4817-A6C9-6C21E95F58D2}.Debug|Any CPU.ActiveCfg = Debug|Any CPU
		{7502EBCA-9760-4817-A6C9-6C21E95F58D2}.Debug|Any CPU.Build.0 = Debug|Any CPU
		{7502EBCA-9760-4817-A6C9-6C21E95F58D2}.Development|Any CPU.ActiveCfg = Development|Any CPU
		{7502EBCA-9760-4817-A6C9-6C21E95F58D2}.Development|Any CPU.Build.0 = Development|Any CPU
		{7502EBCA-9760-4817-A6C9-6C21E95F58D2}.Release|Any CPU.ActiveCfg = Release|Any CPU
		{7502EBCA-9760-4817-A6C9-6C21E95F58D2}.Release|Any CPU.Build.0 = Release|Any CPU
		{7502EBCA-9760-4817-A6C9-6C21E95F58D2}.Test|Any CPU.ActiveCfg = Test|Any CPU
		{7502EBCA-9760-4817-A6C9-6C21E95F58D2}.Test|Any CPU.Build.0 = Test|Any CPU
		{8874E05B-489A-488B-BCB9-10A7E8DE2445}.Debug|Any CPU.ActiveCfg = Debug|Any CPU
		{8874E05B-489A-488B-BCB9-10A7E8DE2445}.Debug|Any CPU.Build.0 = Debug|Any CPU
		{8874E05B-489A-488B-BCB9-10A7E8DE2445}.Development|Any CPU.ActiveCfg = Development|Any CPU
		{8874E05B-489A-488B-BCB9-10A7E8DE2445}.Development|Any CPU.Build.0 = Development|Any CPU
		{8874E05B-489A-488B-BCB9-10A7E8DE2445}.Release|Any CPU.ActiveCfg = Release|Any CPU
		{8874E05B-489A-488B-BCB9-10A7E8DE2445}.Release|Any CPU.Build.0 = Release|Any CPU
		{8874E05B-489A-488B-BCB9-10A7E8DE2445}.Test|Any CPU.ActiveCfg = Test|Any CPU
		{8874E05B-489A-488B-BCB9-10A7E8DE2445}.Test|Any CPU.Build.0 = Test|Any CPU
		{F3F889BD-94BB-413C-9B7B-BDD9C04A9B1A}.Debug|Any CPU.ActiveCfg = Debug|Any CPU
		{F3F889BD-94BB-413C-9B7B-BDD9C04A9B1A}.Debug|Any CPU.Build.0 = Debug|Any CPU
		{F3F889BD-94BB-413C-9B7B-BDD9C04A9B1A}.Development|Any CPU.ActiveCfg = Development|Any CPU
		{F3F889BD-94BB-413C-9B7B-BDD9C04A9B1A}.Development|Any CPU.Build.0 = Development|Any CPU
		{F3F889BD-94BB-413C-9B7B-BDD9C04A9B1A}.Release|Any CPU.ActiveCfg = Release|Any CPU
		{F3F889BD-94BB-413C-9B7B-BDD9C04A9B1A}.Release|Any CPU.Build.0 = Release|Any CPU
		{F3F889BD-94BB-413C-9B7B-BDD9C04A9B1A}.Test|Any CPU.ActiveCfg = Test|Any CPU
		{F3F889BD-94BB-413C-9B7B-BDD9C04A9B1A}.Test|Any CPU.Build.0 = Test|Any CPU
		{A6C42830-FF4E-469B-AB31-5F6D96093693}.Debug|Any CPU.ActiveCfg = Debug|Any CPU
		{A6C42830-FF4E-469B-AB31-5F6D96093693}.Debug|Any CPU.Build.0 = Debug|Any CPU
		{A6C42830-FF4E-469B-AB31-5F6D96093693}.Development|Any CPU.ActiveCfg = Development|Any CPU
		{A6C42830-FF4E-469B-AB31-5F6D96093693}.Development|Any CPU.Build.0 = Development|Any CPU
		{A6C42830-FF4E-469B-AB31-5F6D96093693}.Release|Any CPU.ActiveCfg = Release|Any CPU
		{A6C42830-FF4E-469B-AB31-5F6D96093693}.Release|Any CPU.Build.0 = Release|Any CPU
		{A6C42830-FF4E-469B-AB31-5F6D96093693}.Test|Any CPU.ActiveCfg = Test|Any CPU
		{A6C42830-FF4E-469B-AB31-5F6D96093693}.Test|Any CPU.Build.0 = Test|Any CPU
		{361666BD-651C-41CB-88C3-5C7C45998DAE}.Debug|Any CPU.ActiveCfg = Debug|Any CPU
		{361666BD-651C-41CB-88C3-5C7C45998DAE}.Debug|Any CPU.Build.0 = Debug|Any CPU
		{361666BD-651C-41CB-88C3-5C7C45998DAE}.Development|Any CPU.ActiveCfg = Development|Any CPU
		{361666BD-651C-41CB-88C3-5C7C45998DAE}.Development|Any CPU.Build.0 = Development|Any CPU
		{361666BD-651C-41CB-88C3-5C7C45998DAE}.Release|Any CPU.ActiveCfg = Release|Any CPU
		{361666BD-651C-41CB-88C3-5C7C45998DAE}.Release|Any CPU.Build.0 = Release|Any CPU
		{361666BD-651C-41CB-88C3-5C7C45998DAE}.Test|Any CPU.ActiveCfg = Test|Any CPU
		{361666BD-651C-41CB-88C3-5C7C45998DAE}.Test|Any CPU.Build.0 = Test|Any CPU
		{C8359452-B6E8-46EB-A53B-CF6CA6C18876}.Debug|Any CPU.ActiveCfg = Debug|Any CPU
		{C8359452-B6E8-46EB-A53B-CF6CA6C18876}.Debug|Any CPU.Build.0 = Debug|Any CPU
		{C8359452-B6E8-46EB-A53B-CF6CA6C18876}.Development|Any CPU.ActiveCfg = Development|Any CPU
		{C8359452-B6E8-46EB-A53B-CF6CA6C18876}.Development|Any CPU.Build.0 = Development|Any CPU
		{C8359452-B6E8-46EB-A53B-CF6CA6C18876}.Release|Any CPU.ActiveCfg = Release|Any CPU
		{C8359452-B6E8-46EB-A53B-CF6CA6C18876}.Release|Any CPU.Build.0 = Release|Any CPU
		{C8359452-B6E8-46EB-A53B-CF6CA6C18876}.Test|Any CPU.ActiveCfg = Test|Any CPU
		{C8359452-B6E8-46EB-A53B-CF6CA6C18876}.Test|Any CPU.Build.0 = Test|Any CPU
		{31D14DD3-90A4-47D7-B636-026F71C5728F}.Debug|Any CPU.ActiveCfg = Debug|Any CPU
		{31D14DD3-90A4-47D7-B636-026F71C5728F}.Debug|Any CPU.Build.0 = Debug|Any CPU
		{31D14DD3-90A4-47D7-B636-026F71C5728F}.Development|Any CPU.ActiveCfg = Development|Any CPU
		{31D14DD3-90A4-47D7-B636-026F71C5728F}.Development|Any CPU.Build.0 = Development|Any CPU
		{31D14DD3-90A4-47D7-B636-026F71C5728F}.Release|Any CPU.ActiveCfg = Release|Any CPU
		{31D14DD3-90A4-47D7-B636-026F71C5728F}.Release|Any CPU.Build.0 = Release|Any CPU
		{31D14DD3-90A4-47D7-B636-026F71C5728F}.Test|Any CPU.ActiveCfg = Test|Any CPU
		{31D14DD3-90A4-47D7-B636-026F71C5728F}.Test|Any CPU.Build.0 = Test|Any CPU
		{18233B0C-B4B5-4F9D-84D3-81A982EA6653}.Debug|Any CPU.ActiveCfg = Debug|Any CPU
		{18233B0C-B4B5-4F9D-84D3-81A982EA6653}.Debug|Any CPU.Build.0 = Debug|Any CPU
		{18233B0C-B4B5-4F9D-84D3-81A982EA6653}.Development|Any CPU.ActiveCfg = Development|Any CPU
		{18233B0C-B4B5-4F9D-84D3-81A982EA6653}.Development|Any CPU.Build.0 = Development|Any CPU
		{18233B0C-B4B5-4F9D-84D3-81A982EA6653}.Release|Any CPU.ActiveCfg = Release|Any CPU
		{18233B0C-B4B5-4F9D-84D3-81A982EA6653}.Release|Any CPU.Build.0 = Release|Any CPU
		{18233B0C-B4B5-4F9D-84D3-81A982EA6653}.Test|Any CPU.ActiveCfg = Test|Any CPU
		{18233B0C-B4B5-4F9D-84D3-81A982EA6653}.Test|Any CPU.Build.0 = Test|Any CPU
		{F2EBD8C4-EF5C-4726-BD6E-3A125C77B0C6}.Debug|Any CPU.ActiveCfg = Debug|Any CPU
		{F2EBD8C4-EF5C-4726-BD6E-3A125C77B0C6}.Debug|Any CPU.Build.0 = Debug|Any CPU
		{F2EBD8C4-EF5C-4726-BD6E-3A125C77B0C6}.Development|Any CPU.ActiveCfg = Development|Any CPU
		{F2EBD8C4-EF5C-4726-BD6E-3A125C77B0C6}.Development|Any CPU.Build.0 = Development|Any CPU
		{F2EBD8C4-EF5C-4726-BD6E-3A125C77B0C6}.Release|Any CPU.ActiveCfg = Release|Any CPU
		{F2EBD8C4-EF5C-4726-BD6E-3A125C77B0C6}.Release|Any CPU.Build.0 = Release|Any CPU
		{F2EBD8C4-EF5C-4726-BD6E-3A125C77B0C6}.Test|Any CPU.ActiveCfg = Test|Any CPU
		{F2EBD8C4-EF5C-4726-BD6E-3A125C77B0C6}.Test|Any CPU.Build.0 = Test|Any CPU
		{87BD9397-E1C7-4070-959F-F8DCC024C2EB}.Debug|Any CPU.ActiveCfg = Debug|Any CPU
		{87BD9397-E1C7-4070-959F-F8DCC024C2EB}.Debug|Any CPU.Build.0 = Debug|Any CPU
		{87BD9397-E1C7-4070-959F-F8DCC024C2EB}.Development|Any CPU.ActiveCfg = Development|Any CPU
		{87BD9397-E1C7-4070-959F-F8DCC024C2EB}.Development|Any CPU.Build.0 = Development|Any CPU
		{87BD9397-E1C7-4070-959F-F8DCC024C2EB}.Release|Any CPU.ActiveCfg = Release|Any CPU
		{87BD9397-E1C7-4070-959F-F8DCC024C2EB}.Release|Any CPU.Build.0 = Release|Any CPU
		{87BD9397-E1C7-4070-959F-F8DCC024C2EB}.Test|Any CPU.ActiveCfg = Test|Any CPU
		{87BD9397-E1C7-4070-959F-F8DCC024C2EB}.Test|Any CPU.Build.0 = Test|Any CPU
		{3CDAD1DD-9E21-4C6C-9911-3B0456AAD720}.Debug|Any CPU.ActiveCfg = Debug|Any CPU
		{3CDAD1DD-9E21-4C6C-9911-3B0456AAD720}.Debug|Any CPU.Build.0 = Debug|Any CPU
		{3CDAD1DD-9E21-4C6C-9911-3B0456AAD720}.Development|Any CPU.ActiveCfg = Development|Any CPU
		{3CDAD1DD-9E21-4C6C-9911-3B0456AAD720}.Development|Any CPU.Build.0 = Development|Any CPU
		{3CDAD1DD-9E21-4C6C-9911-3B0456AAD720}.Release|Any CPU.ActiveCfg = Release|Any CPU
		{3CDAD1DD-9E21-4C6C-9911-3B0456AAD720}.Release|Any CPU.Build.0 = Release|Any CPU
		{3CDAD1DD-9E21-4C6C-9911-3B0456AAD720}.Test|Any CPU.ActiveCfg = Test|Any CPU
		{3CDAD1DD-9E21-4C6C-9911-3B0456AAD720}.Test|Any CPU.Build.0 = Test|Any CPU
		{BA95910A-AFFF-4011-9903-5243B5157155}.Debug|Any CPU.ActiveCfg = Debug|Any CPU
		{BA95910A-AFFF-4011-9903-5243B5157155}.Debug|Any CPU.Build.0 = Debug|Any CPU
		{BA95910A-AFFF-4011-9903-5243B5157155}.Development|Any CPU.ActiveCfg = Development|Any CPU
		{BA95910A-AFFF-4011-9903-5243B5157155}.Development|Any CPU.Build.0 = Development|Any CPU
		{BA95910A-AFFF-4011-9903-5243B5157155}.Release|Any CPU.ActiveCfg = Release|Any CPU
		{BA95910A-AFFF-4011-9903-5243B5157155}.Release|Any CPU.Build.0 = Release|Any CPU
		{BA95910A-AFFF-4011-9903-5243B5157155}.Test|Any CPU.ActiveCfg = Test|Any CPU
		{BA95910A-AFFF-4011-9903-5243B5157155}.Test|Any CPU.Build.0 = Test|Any CPU
		{C8E6F34A-24AD-41D4-8700-8CE479F95C50}.Debug|Any CPU.ActiveCfg = Debug|Any CPU
		{C8E6F34A-24AD-41D4-8700-8CE479F95C50}.Debug|Any CPU.Build.0 = Debug|Any CPU
		{C8E6F34A-24AD-41D4-8700-8CE479F95C50}.Development|Any CPU.ActiveCfg = Development|Any CPU
		{C8E6F34A-24AD-41D4-8700-8CE479F95C50}.Development|Any CPU.Build.0 = Development|Any CPU
		{C8E6F34A-24AD-41D4-8700-8CE479F95C50}.Release|Any CPU.ActiveCfg = Release|Any CPU
		{C8E6F34A-24AD-41D4-8700-8CE479F95C50}.Release|Any CPU.Build.0 = Release|Any CPU
		{C8E6F34A-24AD-41D4-8700-8CE479F95C50}.Test|Any CPU.ActiveCfg = Test|Any CPU
		{C8E6F34A-24AD-41D4-8700-8CE479F95C50}.Test|Any CPU.Build.0 = Test|Any CPU
		{57D4E307-7D88-4A20-9E8B-25100BE0ED92}.Debug|Any CPU.ActiveCfg = Debug|Any CPU
		{57D4E307-7D88-4A20-9E8B-25100BE0ED92}.Debug|Any CPU.Build.0 = Debug|Any CPU
		{57D4E307-7D88-4A20-9E8B-25100BE0ED92}.Development|Any CPU.ActiveCfg = Development|Any CPU
		{57D4E307-7D88-4A20-9E8B-25100BE0ED92}.Development|Any CPU.Build.0 = Development|Any CPU
		{57D4E307-7D88-4A20-9E8B-25100BE0ED92}.Release|Any CPU.ActiveCfg = Release|Any CPU
		{57D4E307-7D88-4A20-9E8B-25100BE0ED92}.Release|Any CPU.Build.0 = Release|Any CPU
		{57D4E307-7D88-4A20-9E8B-25100BE0ED92}.Test|Any CPU.ActiveCfg = Test|Any CPU
		{57D4E307-7D88-4A20-9E8B-25100BE0ED92}.Test|Any CPU.Build.0 = Test|Any CPU
		{75B7C8EB-FAF9-4D2D-AB18-A54B435CF3E8}.Debug|Any CPU.ActiveCfg = Debug|Any CPU
		{75B7C8EB-FAF9-4D2D-AB18-A54B435CF3E8}.Debug|Any CPU.Build.0 = Debug|Any CPU
		{75B7C8EB-FAF9-4D2D-AB18-A54B435CF3E8}.Development|Any CPU.ActiveCfg = Development|Any CPU
		{75B7C8EB-FAF9-4D2D-AB18-A54B435CF3E8}.Development|Any CPU.Build.0 = Development|Any CPU
		{75B7C8EB-FAF9-4D2D-AB18-A54B435CF3E8}.Release|Any CPU.ActiveCfg = Release|Any CPU
		{75B7C8EB-FAF9-4D2D-AB18-A54B435CF3E8}.Release|Any CPU.Build.0 = Release|Any CPU
		{75B7C8EB-FAF9-4D2D-AB18-A54B435CF3E8}.Test|Any CPU.ActiveCfg = Test|Any CPU
		{75B7C8EB-FAF9-4D2D-AB18-A54B435CF3E8}.Test|Any CPU.Build.0 = Test|Any CPU
		{1A626BE9-4B76-43FA-A352-283D4BC71E8B}.Debug|Any CPU.ActiveCfg = Debug|Any CPU
		{1A626BE9-4B76-43FA-A352-283D4BC71E8B}.Debug|Any CPU.Build.0 = Debug|Any CPU
		{1A626BE9-4B76-43FA-A352-283D4BC71E8B}.Development|Any CPU.ActiveCfg = Development|Any CPU
		{1A626BE9-4B76-43FA-A352-283D4BC71E8B}.Development|Any CPU.Build.0 = Development|Any CPU
		{1A626BE9-4B76-43FA-A352-283D4BC71E8B}.Release|Any CPU.ActiveCfg = Release|Any CPU
		{1A626BE9-4B76-43FA-A352-283D4BC71E8B}.Release|Any CPU.Build.0 = Release|Any CPU
		{1A626BE9-4B76-43FA-A352-283D4BC71E8B}.Test|Any CPU.ActiveCfg = Test|Any CPU
		{1A626BE9-4B76-43FA-A352-283D4BC71E8B}.Test|Any CPU.Build.0 = Test|Any CPU
		{0B59632F-3D15-4812-9333-311A72135A7B}.Debug|Any CPU.ActiveCfg = Debug|Any CPU
		{0B59632F-3D15-4812-9333-311A72135A7B}.Debug|Any CPU.Build.0 = Debug|Any CPU
		{0B59632F-3D15-4812-9333-311A72135A7B}.Development|Any CPU.ActiveCfg = Development|Any CPU
		{0B59632F-3D15-4812-9333-311A72135A7B}.Development|Any CPU.Build.0 = Development|Any CPU
		{0B59632F-3D15-4812-9333-311A72135A7B}.Release|Any CPU.ActiveCfg = Release|Any CPU
		{0B59632F-3D15-4812-9333-311A72135A7B}.Release|Any CPU.Build.0 = Release|Any CPU
		{0B59632F-3D15-4812-9333-311A72135A7B}.Test|Any CPU.ActiveCfg = Test|Any CPU
		{0B59632F-3D15-4812-9333-311A72135A7B}.Test|Any CPU.Build.0 = Test|Any CPU
		{BF2BC546-AE84-48B3-B341-7629DCA583E2}.Debug|Any CPU.ActiveCfg = Debug|Any CPU
		{BF2BC546-AE84-48B3-B341-7629DCA583E2}.Debug|Any CPU.Build.0 = Debug|Any CPU
		{BF2BC546-AE84-48B3-B341-7629DCA583E2}.Development|Any CPU.ActiveCfg = Development|Any CPU
		{BF2BC546-AE84-48B3-B341-7629DCA583E2}.Development|Any CPU.Build.0 = Development|Any CPU
		{BF2BC546-AE84-48B3-B341-7629DCA583E2}.Release|Any CPU.ActiveCfg = Release|Any CPU
		{BF2BC546-AE84-48B3-B341-7629DCA583E2}.Release|Any CPU.Build.0 = Release|Any CPU
		{BF2BC546-AE84-48B3-B341-7629DCA583E2}.Test|Any CPU.ActiveCfg = Test|Any CPU
		{BF2BC546-AE84-48B3-B341-7629DCA583E2}.Test|Any CPU.Build.0 = Test|Any CPU
		{F393BBC4-3A16-4C1D-B978-429EC48B771F}.Debug|Any CPU.ActiveCfg = Debug|Any CPU
		{F393BBC4-3A16-4C1D-B978-429EC48B771F}.Debug|Any CPU.Build.0 = Debug|Any CPU
		{F393BBC4-3A16-4C1D-B978-429EC48B771F}.Development|Any CPU.ActiveCfg = Development|Any CPU
		{F393BBC4-3A16-4C1D-B978-429EC48B771F}.Development|Any CPU.Build.0 = Development|Any CPU
		{F393BBC4-3A16-4C1D-B978-429EC48B771F}.Release|Any CPU.ActiveCfg = Release|Any CPU
		{F393BBC4-3A16-4C1D-B978-429EC48B771F}.Release|Any CPU.Build.0 = Release|Any CPU
		{F393BBC4-3A16-4C1D-B978-429EC48B771F}.Test|Any CPU.ActiveCfg = Test|Any CPU
		{F393BBC4-3A16-4C1D-B978-429EC48B771F}.Test|Any CPU.Build.0 = Test|Any CPU
		{C5B0E75D-E045-44D9-AE22-AA46E3E72D14}.Debug|Any CPU.ActiveCfg = Debug|Any CPU
		{C5B0E75D-E045-44D9-AE22-AA46E3E72D14}.Debug|Any CPU.Build.0 = Debug|Any CPU
		{C5B0E75D-E045-44D9-AE22-AA46E3E72D14}.Development|Any CPU.ActiveCfg = Development|Any CPU
		{C5B0E75D-E045-44D9-AE22-AA46E3E72D14}.Development|Any CPU.Build.0 = Development|Any CPU
		{C5B0E75D-E045-44D9-AE22-AA46E3E72D14}.Release|Any CPU.ActiveCfg = Release|Any CPU
		{C5B0E75D-E045-44D9-AE22-AA46E3E72D14}.Release|Any CPU.Build.0 = Release|Any CPU
		{C5B0E75D-E045-44D9-AE22-AA46E3E72D14}.Test|Any CPU.ActiveCfg = Test|Any CPU
		{C5B0E75D-E045-44D9-AE22-AA46E3E72D14}.Test|Any CPU.Build.0 = Test|Any CPU
		{AB64C7CA-914D-45D7-95CC-3AB05DEA90A9}.Debug|Any CPU.ActiveCfg = Debug|Any CPU
		{AB64C7CA-914D-45D7-95CC-3AB05DEA90A9}.Debug|Any CPU.Build.0 = Debug|Any CPU
		{AB64C7CA-914D-45D7-95CC-3AB05DEA90A9}.Development|Any CPU.ActiveCfg = Development|Any CPU
		{AB64C7CA-914D-45D7-95CC-3AB05DEA90A9}.Development|Any CPU.Build.0 = Development|Any CPU
		{AB64C7CA-914D-45D7-95CC-3AB05DEA90A9}.Release|Any CPU.ActiveCfg = Release|Any CPU
		{AB64C7CA-914D-45D7-95CC-3AB05DEA90A9}.Release|Any CPU.Build.0 = Release|Any CPU
		{AB64C7CA-914D-45D7-95CC-3AB05DEA90A9}.Test|Any CPU.ActiveCfg = Test|Any CPU
		{AB64C7CA-914D-45D7-95CC-3AB05DEA90A9}.Test|Any CPU.Build.0 = Test|Any CPU
		{A8B28CFC-17CD-4807-B12C-7CEE8859BC86}.Debug|Any CPU.ActiveCfg = Debug|Any CPU
		{A8B28CFC-17CD-4807-B12C-7CEE8859BC86}.Debug|Any CPU.Build.0 = Debug|Any CPU
		{A8B28CFC-17CD-4807-B12C-7CEE8859BC86}.Development|Any CPU.ActiveCfg = Development|Any CPU
		{A8B28CFC-17CD-4807-B12C-7CEE8859BC86}.Development|Any CPU.Build.0 = Development|Any CPU
		{A8B28CFC-17CD-4807-B12C-7CEE8859BC86}.Release|Any CPU.ActiveCfg = Release|Any CPU
		{A8B28CFC-17CD-4807-B12C-7CEE8859BC86}.Release|Any CPU.Build.0 = Release|Any CPU
		{A8B28CFC-17CD-4807-B12C-7CEE8859BC86}.Test|Any CPU.ActiveCfg = Test|Any CPU
		{A8B28CFC-17CD-4807-B12C-7CEE8859BC86}.Test|Any CPU.Build.0 = Test|Any CPU
		{25BDF101-EFC0-4A5B-A5F5-A174BD968DD6}.Debug|Any CPU.ActiveCfg = Debug|Any CPU
		{25BDF101-EFC0-4A5B-A5F5-A174BD968DD6}.Debug|Any CPU.Build.0 = Debug|Any CPU
		{25BDF101-EFC0-4A5B-A5F5-A174BD968DD6}.Development|Any CPU.ActiveCfg = Development|Any CPU
		{25BDF101-EFC0-4A5B-A5F5-A174BD968DD6}.Development|Any CPU.Build.0 = Development|Any CPU
		{25BDF101-EFC0-4A5B-A5F5-A174BD968DD6}.Release|Any CPU.ActiveCfg = Release|Any CPU
		{25BDF101-EFC0-4A5B-A5F5-A174BD968DD6}.Release|Any CPU.Build.0 = Release|Any CPU
		{25BDF101-EFC0-4A5B-A5F5-A174BD968DD6}.Test|Any CPU.ActiveCfg = Test|Any CPU
		{25BDF101-EFC0-4A5B-A5F5-A174BD968DD6}.Test|Any CPU.Build.0 = Test|Any CPU
		{F0CB0D16-6DC3-46C0-AD6D-E9C3377EBC55}.Debug|Any CPU.ActiveCfg = Debug|Any CPU
		{F0CB0D16-6DC3-46C0-AD6D-E9C3377EBC55}.Debug|Any CPU.Build.0 = Debug|Any CPU
		{F0CB0D16-6DC3-46C0-AD6D-E9C3377EBC55}.Development|Any CPU.ActiveCfg = Development|Any CPU
		{F0CB0D16-6DC3-46C0-AD6D-E9C3377EBC55}.Development|Any CPU.Build.0 = Development|Any CPU
		{F0CB0D16-6DC3-46C0-AD6D-E9C3377EBC55}.Release|Any CPU.ActiveCfg = Release|Any CPU
		{F0CB0D16-6DC3-46C0-AD6D-E9C3377EBC55}.Release|Any CPU.Build.0 = Release|Any CPU
		{F0CB0D16-6DC3-46C0-AD6D-E9C3377EBC55}.Test|Any CPU.ActiveCfg = Test|Any CPU
		{F0CB0D16-6DC3-46C0-AD6D-E9C3377EBC55}.Test|Any CPU.Build.0 = Test|Any CPU
		{AA1D719B-9BF9-44A4-8876-80ECB125BFB5}.Debug|Any CPU.ActiveCfg = Debug|Any CPU
		{AA1D719B-9BF9-44A4-8876-80ECB125BFB5}.Debug|Any CPU.Build.0 = Debug|Any CPU
		{AA1D719B-9BF9-44A4-8876-80ECB125BFB5}.Development|Any CPU.ActiveCfg = Development|Any CPU
		{AA1D719B-9BF9-44A4-8876-80ECB125BFB5}.Development|Any CPU.Build.0 = Development|Any CPU
		{AA1D719B-9BF9-44A4-8876-80ECB125BFB5}.Release|Any CPU.ActiveCfg = Release|Any CPU
		{AA1D719B-9BF9-44A4-8876-80ECB125BFB5}.Release|Any CPU.Build.0 = Release|Any CPU
		{AA1D719B-9BF9-44A4-8876-80ECB125BFB5}.Test|Any CPU.ActiveCfg = Test|Any CPU
		{AA1D719B-9BF9-44A4-8876-80ECB125BFB5}.Test|Any CPU.Build.0 = Test|Any CPU
		{18836272-E1A2-4521-9C90-5FC00637AE7C}.Debug|Any CPU.ActiveCfg = Debug|Any CPU
		{18836272-E1A2-4521-9C90-5FC00637AE7C}.Debug|Any CPU.Build.0 = Debug|Any CPU
		{18836272-E1A2-4521-9C90-5FC00637AE7C}.Development|Any CPU.ActiveCfg = Development|Any CPU
		{18836272-E1A2-4521-9C90-5FC00637AE7C}.Development|Any CPU.Build.0 = Development|Any CPU
		{18836272-E1A2-4521-9C90-5FC00637AE7C}.Release|Any CPU.ActiveCfg = Release|Any CPU
		{18836272-E1A2-4521-9C90-5FC00637AE7C}.Release|Any CPU.Build.0 = Release|Any CPU
		{18836272-E1A2-4521-9C90-5FC00637AE7C}.Test|Any CPU.ActiveCfg = Test|Any CPU
		{18836272-E1A2-4521-9C90-5FC00637AE7C}.Test|Any CPU.Build.0 = Test|Any CPU
		{0BE31DEC-2AB8-4CB7-945B-2FC1B72A2C83}.Debug|Any CPU.ActiveCfg = Debug|Any CPU
		{0BE31DEC-2AB8-4CB7-945B-2FC1B72A2C83}.Debug|Any CPU.Build.0 = Debug|Any CPU
		{0BE31DEC-2AB8-4CB7-945B-2FC1B72A2C83}.Development|Any CPU.ActiveCfg = Development|Any CPU
		{0BE31DEC-2AB8-4CB7-945B-2FC1B72A2C83}.Development|Any CPU.Build.0 = Development|Any CPU
		{0BE31DEC-2AB8-4CB7-945B-2FC1B72A2C83}.Release|Any CPU.ActiveCfg = Release|Any CPU
		{0BE31DEC-2AB8-4CB7-945B-2FC1B72A2C83}.Release|Any CPU.Build.0 = Release|Any CPU
		{0BE31DEC-2AB8-4CB7-945B-2FC1B72A2C83}.Test|Any CPU.ActiveCfg = Test|Any CPU
		{0BE31DEC-2AB8-4CB7-945B-2FC1B72A2C83}.Test|Any CPU.Build.0 = Test|Any CPU
		{0EE60D26-A847-4C83-BE90-8879BDFB12B6}.Debug|Any CPU.ActiveCfg = Debug|Any CPU
		{0EE60D26-A847-4C83-BE90-8879BDFB12B6}.Debug|Any CPU.Build.0 = Debug|Any CPU
		{0EE60D26-A847-4C83-BE90-8879BDFB12B6}.Development|Any CPU.ActiveCfg = Development|Any CPU
		{0EE60D26-A847-4C83-BE90-8879BDFB12B6}.Development|Any CPU.Build.0 = Development|Any CPU
		{0EE60D26-A847-4C83-BE90-8879BDFB12B6}.Release|Any CPU.ActiveCfg = Release|Any CPU
		{0EE60D26-A847-4C83-BE90-8879BDFB12B6}.Release|Any CPU.Build.0 = Release|Any CPU
		{0EE60D26-A847-4C83-BE90-8879BDFB12B6}.Test|Any CPU.ActiveCfg = Test|Any CPU
		{0EE60D26-A847-4C83-BE90-8879BDFB12B6}.Test|Any CPU.Build.0 = Test|Any CPU
		{4F582199-A7A3-42C8-BE51-9AB694293F55}.Debug|Any CPU.ActiveCfg = Debug|Any CPU
		{4F582199-A7A3-42C8-BE51-9AB694293F55}.Debug|Any CPU.Build.0 = Debug|Any CPU
		{4F582199-A7A3-42C8-BE51-9AB694293F55}.Development|Any CPU.ActiveCfg = Development|Any CPU
		{4F582199-A7A3-42C8-BE51-9AB694293F55}.Development|Any CPU.Build.0 = Development|Any CPU
		{4F582199-A7A3-42C8-BE51-9AB694293F55}.Release|Any CPU.ActiveCfg = Release|Any CPU
		{4F582199-A7A3-42C8-BE51-9AB694293F55}.Release|Any CPU.Build.0 = Release|Any CPU
		{4F582199-A7A3-42C8-BE51-9AB694293F55}.Test|Any CPU.ActiveCfg = Test|Any CPU
		{4F582199-A7A3-42C8-BE51-9AB694293F55}.Test|Any CPU.Build.0 = Test|Any CPU
		{C4FE7516-AD79-43C7-8575-8A85F29ED26B}.Debug|Any CPU.ActiveCfg = Debug|Any CPU
		{C4FE7516-AD79-43C7-8575-8A85F29ED26B}.Debug|Any CPU.Build.0 = Debug|Any CPU
		{C4FE7516-AD79-43C7-8575-8A85F29ED26B}.Development|Any CPU.ActiveCfg = Development|Any CPU
		{C4FE7516-AD79-43C7-8575-8A85F29ED26B}.Development|Any CPU.Build.0 = Development|Any CPU
		{C4FE7516-AD79-43C7-8575-8A85F29ED26B}.Release|Any CPU.ActiveCfg = Release|Any CPU
		{C4FE7516-AD79-43C7-8575-8A85F29ED26B}.Release|Any CPU.Build.0 = Release|Any CPU
		{C4FE7516-AD79-43C7-8575-8A85F29ED26B}.Test|Any CPU.ActiveCfg = Test|Any CPU
		{C4FE7516-AD79-43C7-8575-8A85F29ED26B}.Test|Any CPU.Build.0 = Test|Any CPU
		{4C5CA740-3FD7-4370-9D1C-F5D0CB5DCE24}.Debug|Any CPU.ActiveCfg = Debug|Any CPU
		{4C5CA740-3FD7-4370-9D1C-F5D0CB5DCE24}.Debug|Any CPU.Build.0 = Debug|Any CPU
		{4C5CA740-3FD7-4370-9D1C-F5D0CB5DCE24}.Development|Any CPU.ActiveCfg = Development|Any CPU
		{4C5CA740-3FD7-4370-9D1C-F5D0CB5DCE24}.Development|Any CPU.Build.0 = Development|Any CPU
		{4C5CA740-3FD7-4370-9D1C-F5D0CB5DCE24}.Release|Any CPU.ActiveCfg = Release|Any CPU
		{4C5CA740-3FD7-4370-9D1C-F5D0CB5DCE24}.Release|Any CPU.Build.0 = Release|Any CPU
		{4C5CA740-3FD7-4370-9D1C-F5D0CB5DCE24}.Test|Any CPU.ActiveCfg = Test|Any CPU
		{4C5CA740-3FD7-4370-9D1C-F5D0CB5DCE24}.Test|Any CPU.Build.0 = Test|Any CPU
		{BB6FDE49-B321-47AD-B6AA-804513DB4463}.Debug|Any CPU.ActiveCfg = Debug|Any CPU
		{BB6FDE49-B321-47AD-B6AA-804513DB4463}.Debug|Any CPU.Build.0 = Debug|Any CPU
		{BB6FDE49-B321-47AD-B6AA-804513DB4463}.Development|Any CPU.ActiveCfg = Development|Any CPU
		{BB6FDE49-B321-47AD-B6AA-804513DB4463}.Development|Any CPU.Build.0 = Development|Any CPU
		{BB6FDE49-B321-47AD-B6AA-804513DB4463}.Release|Any CPU.ActiveCfg = Release|Any CPU
		{BB6FDE49-B321-47AD-B6AA-804513DB4463}.Release|Any CPU.Build.0 = Release|Any CPU
		{BB6FDE49-B321-47AD-B6AA-804513DB4463}.Test|Any CPU.ActiveCfg = Test|Any CPU
		{BB6FDE49-B321-47AD-B6AA-804513DB4463}.Test|Any CPU.Build.0 = Test|Any CPU
		{2873F201-3564-4E2A-A4B1-13D21DF4FA04}.Debug|Any CPU.ActiveCfg = Debug|Any CPU
		{2873F201-3564-4E2A-A4B1-13D21DF4FA04}.Debug|Any CPU.Build.0 = Debug|Any CPU
		{2873F201-3564-4E2A-A4B1-13D21DF4FA04}.Development|Any CPU.ActiveCfg = Development|Any CPU
		{2873F201-3564-4E2A-A4B1-13D21DF4FA04}.Development|Any CPU.Build.0 = Development|Any CPU
		{2873F201-3564-4E2A-A4B1-13D21DF4FA04}.Release|Any CPU.ActiveCfg = Release|Any CPU
		{2873F201-3564-4E2A-A4B1-13D21DF4FA04}.Release|Any CPU.Build.0 = Release|Any CPU
		{2873F201-3564-4E2A-A4B1-13D21DF4FA04}.Test|Any CPU.ActiveCfg = Test|Any CPU
		{2873F201-3564-4E2A-A4B1-13D21DF4FA04}.Test|Any CPU.Build.0 = Test|Any CPU
	EndGlobalSection
	GlobalSection(SolutionProperties) = preSolution
		HideSolutionNode = FALSE
	EndGlobalSection
	GlobalSection(TeamFoundationVersionControl) = preSolution
		SccNumberOfProjects = 37
		SccEnterpriseProvider = {4CA58AB2-18FA-4F8D-95D4-32DDF27D184C}
		SccTeamFoundationServer = https://afzalhassen.visualstudio.com/defaultcollection
		SccLocalPath0 = .
		SccProjectUniqueName1 = SOLIDplate.Common.Portable\\SOLIDplate.Common.Portable.csproj
		SccProjectName1 = SOLIDplate.Common.Portable
		SccLocalPath1 = SOLIDplate.Common.Portable
		SccProjectUniqueName2 = SOLIDplate.Common\\SOLIDplate.Common.csproj
		SccProjectName2 = SOLIDplate.Common
		SccLocalPath2 = SOLIDplate.Common
		SccProjectUniqueName3 = SOLIDplate.Data.EntityFramework.Configurations\\SOLIDplate.Data.EntityFramework.Configurations.csproj
		SccProjectName3 = SOLIDplate.Data.EntityFramework.Configurations
		SccLocalPath3 = SOLIDplate.Data.EntityFramework.Configurations
		SccProjectUniqueName4 = SOLIDplate.Data.EntityFramework.Interfaces\\SOLIDplate.Data.EntityFramework.Interfaces.csproj
		SccProjectName4 = SOLIDplate.Data.EntityFramework.Interfaces
		SccLocalPath4 = SOLIDplate.Data.EntityFramework.Interfaces
		SccProjectUniqueName5 = SOLIDplate.Data.EntityFramework\\SOLIDplate.Data.EntityFramework.csproj
		SccProjectName5 = SOLIDplate.Data.EntityFramework
		SccLocalPath5 = SOLIDplate.Data.EntityFramework
		SccProjectUniqueName6 = SOLIDplate.Data.Interfaces\\SOLIDplate.Data.Interfaces.csproj
		SccProjectName6 = SOLIDplate.Data.Interfaces
		SccLocalPath6 = SOLIDplate.Data.Interfaces
		SccProjectUniqueName7 = SOLIDplate.Data.Services.EntityFramework.Interfaces\\SOLIDplate.Data.Services.EntityFramework.Interfaces.csproj
		SccProjectName7 = SOLIDplate.Data.Services.EntityFramework.Interfaces
		SccLocalPath7 = SOLIDplate.Data.Services.EntityFramework.Interfaces
		SccProjectUniqueName8 = SOLIDplate.Data.Services.EntityFramework\\SOLIDplate.Data.Services.EntityFramework.csproj
		SccProjectName8 = SOLIDplate.Data.Services.EntityFramework
		SccLocalPath8 = SOLIDplate.Data.Services.EntityFramework
		SccProjectUniqueName9 = SOLIDplate.Domain.Entities.Interfaces\\SOLIDplate.Domain.Entities.Interfaces.csproj
		SccProjectName9 = SOLIDplate.Domain.Entities.Interfaces
		SccLocalPath9 = SOLIDplate.Domain.Entities.Interfaces
		SccProjectUniqueName10 = SOLIDplate.Domain.Entities\\SOLIDplate.Domain.Entities.csproj
		SccProjectName10 = SOLIDplate.Domain.Entities
		SccLocalPath10 = SOLIDplate.Domain.Entities
		SccProjectUniqueName11 = SOLIDplate.Domain.Integration.Services.Interfaces\\SOLIDplate.Domain.Integration.Services.Interfaces.csproj
		SccProjectName11 = SOLIDplate.Domain.Integration.Services.Interfaces
		SccLocalPath11 = SOLIDplate.Domain.Integration.Services.Interfaces
		SccProjectUniqueName12 = SOLIDplate.Domain.Integration.Services\\SOLIDplate.Domain.Integration.Services.csproj
		SccProjectName12 = SOLIDplate.Domain.Integration.Services
		SccLocalPath12 = SOLIDplate.Domain.Integration.Services
		SccProjectUniqueName13 = SOLIDplate.Domain.Services.EntityFramework\\SOLIDplate.Domain.Services.EntityFramework.csproj
		SccProjectName13 = SOLIDplate.Domain.Services.EntityFramework
		SccLocalPath13 = SOLIDplate.Domain.Services.EntityFramework
		SccProjectUniqueName14 = SOLIDplate.Domain.Services.Interfaces\\SOLIDplate.Domain.Services.Interfaces.csproj
		SccProjectName14 = SOLIDplate.Domain.Services.Interfaces
		SccLocalPath14 = SOLIDplate.Domain.Services.Interfaces
		SccProjectUniqueName15 = SOLIDplate.Domain.Services\\SOLIDplate.Domain.Services.csproj
		SccProjectName15 = SOLIDplate.Domain.Services
		SccLocalPath15 = SOLIDplate.Domain.Services
		SccProjectUniqueName16 = SOLIDplate.Json.Net\\SOLIDplate.Json.Net.csproj
		SccProjectName16 = SOLIDplate.Json.Net
		SccLocalPath16 = SOLIDplate.Json.Net
		SccProjectUniqueName17 = SOLIDplate.Presentation.ViewModels.Interfaces\\SOLIDplate.Presentation.ViewModels.Interfaces.csproj
		SccProjectName17 = SOLIDplate.Presentation.ViewModels.Interfaces
		SccLocalPath17 = SOLIDplate.Presentation.ViewModels.Interfaces
		SccProjectUniqueName18 = SOLIDplate.Presentation.ViewModels\\SOLIDplate.Presentation.ViewModels.csproj
		SccProjectName18 = SOLIDplate.Presentation.ViewModels
		SccLocalPath18 = SOLIDplate.Presentation.ViewModels
		SccProjectUniqueName19 = SOLIDplate.Presentation.Views.Xamarin\\SOLIDplate.Presentation.Views.Xamarin.csproj
		SccProjectName19 = SOLIDplate.Presentation.Views.Xamarin
		SccLocalPath19 = SOLIDplate.Presentation.Views.Xamarin
		SccProjectUniqueName20 = SOLIDplate.Repository.EntityFramework.Interfaces\\SOLIDplate.Repository.EntityFramework.Interfaces.csproj
		SccProjectName20 = SOLIDplate.Repository.EntityFramework.Interfaces
		SccLocalPath20 = SOLIDplate.Repository.EntityFramework.Interfaces
		SccProjectUniqueName21 = SOLIDplate.Repository.EntityFramework\\SOLIDplate.Repository.EntityFramework.csproj
		SccProjectName21 = SOLIDplate.Repository.EntityFramework
		SccLocalPath21 = SOLIDplate.Repository.EntityFramework
		SccProjectUniqueName22 = SOLIDplate.Repository.Interfaces\\SOLIDplate.Repository.Interfaces.csproj
		SccProjectName22 = SOLIDplate.Repository.Interfaces
		SccLocalPath22 = SOLIDplate.Repository.Interfaces
		SccProjectUniqueName23 = SOLIDplate.Repository\\SOLIDplate.Repository.csproj
		SccProjectName23 = SOLIDplate.Repository
		SccLocalPath23 = SOLIDplate.Repository
		SccProjectUniqueName24 = SOLIDplate.Services.Clients.SignalR.Interfaces\\SOLIDplate.Services.Clients.SignalR.Interfaces.csproj
		SccProjectName24 = SOLIDplate.Services.Clients.SignalR.Interfaces
		SccLocalPath24 = SOLIDplate.Services.Clients.SignalR.Interfaces
		SccProjectUniqueName25 = SOLIDplate.Services.Clients.SignalR\\SOLIDplate.Services.Clients.SignalR.csproj
		SccProjectName25 = SOLIDplate.Services.Clients.SignalR
		SccLocalPath25 = SOLIDplate.Services.Clients.SignalR
		SccProjectUniqueName26 = SOLIDplate.Services.Clients.Wcf.Interfaces\\SOLIDplate.Services.Clients.Wcf.Interfaces.csproj
		SccProjectName26 = SOLIDplate.Services.Clients.Wcf.Interfaces
		SccLocalPath26 = SOLIDplate.Services.Clients.Wcf.Interfaces
		SccProjectUniqueName27 = SOLIDplate.Services.Clients.Wcf\\SOLIDplate.Services.Clients.Wcf.csproj
		SccProjectName27 = SOLIDplate.Services.Clients.Wcf
		SccLocalPath27 = SOLIDplate.Services.Clients.Wcf
		SccProjectUniqueName28 = SOLIDplate.Services.Clients.WebApi.Interfaces\\SOLIDplate.Services.Clients.WebApi.Interfaces.csproj
		SccProjectName28 = SOLIDplate.Services.Clients.WebApi.Interfaces
		SccLocalPath28 = SOLIDplate.Services.Clients.WebApi.Interfaces
		SccProjectUniqueName29 = SOLIDplate.Services.Clients.WebApi\\SOLIDplate.Services.Clients.WebApi.csproj
		SccProjectName29 = SOLIDplate.Services.Clients.WebApi
		SccLocalPath29 = SOLIDplate.Services.Clients.WebApi
		SccProjectUniqueName30 = SOLIDplate.Services.SignalR.Hubs.Interfaces\\SOLIDplate.Services.SignalR.Hubs.Interfaces.csproj
		SccProjectName30 = SOLIDplate.Services.SignalR.Hubs.Interfaces
		SccLocalPath30 = SOLIDplate.Services.SignalR.Hubs.Interfaces
		SccProjectUniqueName31 = SOLIDplate.Services.SignalR.Hubs\\SOLIDplate.Services.SignalR.Hubs.csproj
		SccProjectName31 = SOLIDplate.Services.SignalR.Hubs
		SccLocalPath31 = SOLIDplate.Services.SignalR.Hubs
		SccProjectUniqueName32 = SOLIDplate.Services.SignalR\\SOLIDplate.Services.SignalR.csproj
		SccProjectName32 = SOLIDplate.Services.SignalR
		SccLocalPath32 = SOLIDplate.Services.SignalR
		SccProjectUniqueName33 = SOLIDplate.Services.WebApi\\SOLIDplate.Services.WebApi.csproj
		SccProjectName33 = SOLIDplate.Services.WebApi
		SccLocalPath33 = SOLIDplate.Services.WebApi
		SccProjectUniqueName34 = SOLIDplate.Unity.SignalR\\SOLIDplate.Unity.SignalR.csproj
		SccProjectName34 = SOLIDplate.Unity.SignalR
		SccLocalPath34 = SOLIDplate.Unity.SignalR
		SccProjectUniqueName35 = SOLIDplate.Unity.WebApi\\SOLIDplate.Unity.WebApi.csproj
		SccProjectName35 = SOLIDplate.Unity.WebApi
		SccLocalPath35 = SOLIDplate.Unity.WebApi
		SccProjectUniqueName36 = SOLIDplate.Unity\\SOLIDplate.Unity.csproj
		SccProjectName36 = SOLIDplate.Unity
		SccLocalPath36 = SOLIDplate.Unity
	EndGlobalSection
EndGlobal
